// !$*UTF8*$!
{
	archiveVersion = 1;
	classes = {
	};
	objectVersion = 56;
	objects = {

/* Begin PBXBuildFile section */
		EC0E00222B4DB00600F06B98 /* SmartTrainerApp.swift in Sources */ = {isa = PBXBuildFile; fileRef = EC0E00212B4DB00600F06B98 /* SmartTrainerApp.swift */; };
		EC0E00262B4DB01D00F06B98 /* Assets.xcassets in Resources */ = {isa = PBXBuildFile; fileRef = EC0E00252B4DB01D00F06B98 /* Assets.xcassets */; };
		EC0E00292B4DB01D00F06B98 /* Preview Assets.xcassets in Resources */ = {isa = PBXBuildFile; fileRef = EC0E00282B4DB01D00F06B98 /* Preview Assets.xcassets */; };
		EC0E00332B4DB11E00F06B98 /* Color.swift in Sources */ = {isa = PBXBuildFile; fileRef = EC0E00322B4DB11E00F06B98 /* Color.swift */; };
		EC0E00352B4DB23900F06B98 /* Technique.swift in Sources */ = {isa = PBXBuildFile; fileRef = EC0E00342B4DB23800F06B98 /* Technique.swift */; };
		EC0E00372B4DB2C100F06B98 /* PreviewProvider.swift in Sources */ = {isa = PBXBuildFile; fileRef = EC0E00362B4DB2C100F06B98 /* PreviewProvider.swift */; };
		EC0E00392B4DB73200F06B98 /* Attempt.swift in Sources */ = {isa = PBXBuildFile; fileRef = EC0E00382B4DB73200F06B98 /* Attempt.swift */; };
		EC0E003C2B4DB8AE00F06B98 /* HomeView.swift in Sources */ = {isa = PBXBuildFile; fileRef = EC0E003B2B4DB8AE00F06B98 /* HomeView.swift */; };
		EC0E00402B4DB8FA00F06B98 /* CircleButtonView.swift in Sources */ = {isa = PBXBuildFile; fileRef = EC0E003F2B4DB8FA00F06B98 /* CircleButtonView.swift */; };
		EC0E00422B4DC48C00F06B98 /* SmartTrainerTabView.swift in Sources */ = {isa = PBXBuildFile; fileRef = EC0E00412B4DC48C00F06B98 /* SmartTrainerTabView.swift */; };
		EC0E00452B4DC75300F06B98 /* SearchBarView.swift in Sources */ = {isa = PBXBuildFile; fileRef = EC0E00442B4DC75300F06B98 /* SearchBarView.swift */; };
		EC0F84222BCD9B6100A90915 /* NotificationView.swift in Sources */ = {isa = PBXBuildFile; fileRef = EC0F84212BCD9B6100A90915 /* NotificationView.swift */; };
		EC10D8B12B94F8E2000227B5 /* ActivityChartView.swift in Sources */ = {isa = PBXBuildFile; fileRef = EC10D8B02B94F8E2000227B5 /* ActivityChartView.swift */; };
		EC10D8B32B94F9AA000227B5 /* ChartPoint.swift in Sources */ = {isa = PBXBuildFile; fileRef = EC10D8B22B94F9AA000227B5 /* ChartPoint.swift */; };
		EC10D8B62B9539E2000227B5 /* CoachScoresChartView.swift in Sources */ = {isa = PBXBuildFile; fileRef = EC10D8B52B9539E2000227B5 /* CoachScoresChartView.swift */; };
		EC10D8B92B953D4A000227B5 /* AIScoresChartView.swift in Sources */ = {isa = PBXBuildFile; fileRef = EC10D8B82B953D4A000227B5 /* AIScoresChartView.swift */; };
		EC18222B2B73DD3500C4B2BE /* FirebaseAnalytics in Frameworks */ = {isa = PBXBuildFile; productRef = EC18222A2B73DD3500C4B2BE /* FirebaseAnalytics */; };
		EC18222D2B73DD3500C4B2BE /* FirebaseAnalyticsOnDeviceConversion in Frameworks */ = {isa = PBXBuildFile; productRef = EC18222C2B73DD3500C4B2BE /* FirebaseAnalyticsOnDeviceConversion */; };
		EC18222F2B73DD3500C4B2BE /* FirebaseAnalyticsSwift in Frameworks */ = {isa = PBXBuildFile; productRef = EC18222E2B73DD3500C4B2BE /* FirebaseAnalyticsSwift */; };
		EC1822312B73DD3500C4B2BE /* FirebaseAnalyticsWithoutAdIdSupport in Frameworks */ = {isa = PBXBuildFile; productRef = EC1822302B73DD3500C4B2BE /* FirebaseAnalyticsWithoutAdIdSupport */; };
		EC1822332B73DD3500C4B2BE /* FirebaseAppCheck in Frameworks */ = {isa = PBXBuildFile; productRef = EC1822322B73DD3500C4B2BE /* FirebaseAppCheck */; };
		EC1822352B73DD3500C4B2BE /* FirebaseAppDistribution-Beta in Frameworks */ = {isa = PBXBuildFile; productRef = EC1822342B73DD3500C4B2BE /* FirebaseAppDistribution-Beta */; };
		EC1822372B73DD3500C4B2BE /* FirebaseAuth in Frameworks */ = {isa = PBXBuildFile; productRef = EC1822362B73DD3500C4B2BE /* FirebaseAuth */; };
		EC1822392B73DD3500C4B2BE /* FirebaseAuthCombine-Community in Frameworks */ = {isa = PBXBuildFile; productRef = EC1822382B73DD3500C4B2BE /* FirebaseAuthCombine-Community */; };
		EC18223B2B73DD3500C4B2BE /* FirebaseCrashlytics in Frameworks */ = {isa = PBXBuildFile; productRef = EC18223A2B73DD3500C4B2BE /* FirebaseCrashlytics */; };
		EC18223D2B73DD3500C4B2BE /* FirebaseDatabase in Frameworks */ = {isa = PBXBuildFile; productRef = EC18223C2B73DD3500C4B2BE /* FirebaseDatabase */; };
		EC18223F2B73DD3500C4B2BE /* FirebaseDatabaseSwift in Frameworks */ = {isa = PBXBuildFile; productRef = EC18223E2B73DD3500C4B2BE /* FirebaseDatabaseSwift */; };
		EC1822412B73DD3500C4B2BE /* FirebaseDynamicLinks in Frameworks */ = {isa = PBXBuildFile; productRef = EC1822402B73DD3500C4B2BE /* FirebaseDynamicLinks */; };
		EC1822432B73DD3500C4B2BE /* FirebaseFirestore in Frameworks */ = {isa = PBXBuildFile; productRef = EC1822422B73DD3500C4B2BE /* FirebaseFirestore */; };
		EC1822452B73DD3500C4B2BE /* FirebaseFirestoreCombine-Community in Frameworks */ = {isa = PBXBuildFile; productRef = EC1822442B73DD3500C4B2BE /* FirebaseFirestoreCombine-Community */; };
		EC1822472B73DD3500C4B2BE /* FirebaseFirestoreSwift in Frameworks */ = {isa = PBXBuildFile; productRef = EC1822462B73DD3500C4B2BE /* FirebaseFirestoreSwift */; };
		EC1822492B73DD3500C4B2BE /* FirebaseFunctions in Frameworks */ = {isa = PBXBuildFile; productRef = EC1822482B73DD3500C4B2BE /* FirebaseFunctions */; };
		EC18224B2B73DD3500C4B2BE /* FirebaseFunctionsCombine-Community in Frameworks */ = {isa = PBXBuildFile; productRef = EC18224A2B73DD3500C4B2BE /* FirebaseFunctionsCombine-Community */; };
		EC18224D2B73DD3500C4B2BE /* FirebaseInAppMessaging-Beta in Frameworks */ = {isa = PBXBuildFile; productRef = EC18224C2B73DD3500C4B2BE /* FirebaseInAppMessaging-Beta */; };
		EC18224F2B73DD3500C4B2BE /* FirebaseInAppMessagingSwift-Beta in Frameworks */ = {isa = PBXBuildFile; productRef = EC18224E2B73DD3500C4B2BE /* FirebaseInAppMessagingSwift-Beta */; };
		EC1822512B73DD3500C4B2BE /* FirebaseInstallations in Frameworks */ = {isa = PBXBuildFile; productRef = EC1822502B73DD3500C4B2BE /* FirebaseInstallations */; };
		EC1822532B73DD3500C4B2BE /* FirebaseMLModelDownloader in Frameworks */ = {isa = PBXBuildFile; productRef = EC1822522B73DD3500C4B2BE /* FirebaseMLModelDownloader */; };
		EC1822552B73DD3500C4B2BE /* FirebaseMessaging in Frameworks */ = {isa = PBXBuildFile; productRef = EC1822542B73DD3500C4B2BE /* FirebaseMessaging */; };
		EC1822572B73DD3500C4B2BE /* FirebasePerformance in Frameworks */ = {isa = PBXBuildFile; productRef = EC1822562B73DD3500C4B2BE /* FirebasePerformance */; };
		EC1822592B73DD3500C4B2BE /* FirebaseRemoteConfig in Frameworks */ = {isa = PBXBuildFile; productRef = EC1822582B73DD3500C4B2BE /* FirebaseRemoteConfig */; };
		EC18225B2B73DD3500C4B2BE /* FirebaseRemoteConfigSwift in Frameworks */ = {isa = PBXBuildFile; productRef = EC18225A2B73DD3500C4B2BE /* FirebaseRemoteConfigSwift */; };
		EC18225D2B73DD3500C4B2BE /* FirebaseStorage in Frameworks */ = {isa = PBXBuildFile; productRef = EC18225C2B73DD3500C4B2BE /* FirebaseStorage */; };
		EC18225F2B73DD3500C4B2BE /* FirebaseStorageCombine-Community in Frameworks */ = {isa = PBXBuildFile; productRef = EC18225E2B73DD3500C4B2BE /* FirebaseStorageCombine-Community */; };
		EC2CAFA02B5AFC300079DE11 /* NotificationDataService.swift in Sources */ = {isa = PBXBuildFile; fileRef = EC2CAF9F2B5AFC300079DE11 /* NotificationDataService.swift */; };
		EC2CAFA52B5AFDAB0079DE11 /* LogInView.swift in Sources */ = {isa = PBXBuildFile; fileRef = EC2CAFA42B5AFDAB0079DE11 /* LogInView.swift */; };
		EC2CAFA72B5AFFF70079DE11 /* SignUpView.swift in Sources */ = {isa = PBXBuildFile; fileRef = EC2CAFA62B5AFFF70079DE11 /* SignUpView.swift */; };
		EC32CCC52B7CFFEA00CAB9EC /* RolePickerView.swift in Sources */ = {isa = PBXBuildFile; fileRef = EC32CCC42B7CFFEA00CAB9EC /* RolePickerView.swift */; };
		EC3A7FC72B69560F0022A861 /* ChartView.swift in Sources */ = {isa = PBXBuildFile; fileRef = EC3A7FC62B69560F0022A861 /* ChartView.swift */; };
		EC3A7FD52B6A7AD30022A861 /* AttemptFeedView.swift in Sources */ = {isa = PBXBuildFile; fileRef = EC3A7FD42B6A7AD30022A861 /* AttemptFeedView.swift */; };
		EC3A7FD92B6A90F40022A861 /* CoachReviewView.swift in Sources */ = {isa = PBXBuildFile; fileRef = EC3A7FD82B6A90F40022A861 /* CoachReviewView.swift */; };
		EC3A7FDB2B6A96AA0022A861 /* AIReviewView.swift in Sources */ = {isa = PBXBuildFile; fileRef = EC3A7FDA2B6A96AA0022A861 /* AIReviewView.swift */; };
		EC3A7FDD2B6A971F0022A861 /* AIRatingReviewView.swift in Sources */ = {isa = PBXBuildFile; fileRef = EC3A7FDC2B6A971F0022A861 /* AIRatingReviewView.swift */; };
		EC3BD4EE2B7CC76800681FC3 /* IMG_7215.MOV in Resources */ = {isa = PBXBuildFile; fileRef = EC3BD4ED2B7CC76800681FC3 /* IMG_7215.MOV */; };
		EC3BD4F02B7CC8ED00681FC3 /* AIReviewDataService.swift in Sources */ = {isa = PBXBuildFile; fileRef = EC3BD4EF2B7CC8ED00681FC3 /* AIReviewDataService.swift */; };
		EC3BD4F22B7CC92400681FC3 /* AIReview.swift in Sources */ = {isa = PBXBuildFile; fileRef = EC3BD4F12B7CC92400681FC3 /* AIReview.swift */; };
		EC3E6D9C2BAB150F0055BEDF /* UploadAttemptView.swift in Sources */ = {isa = PBXBuildFile; fileRef = EC3E6D9B2BAB150F0055BEDF /* UploadAttemptView.swift */; };
		EC4106832B6683E800D9C820 /* Store.swift in Sources */ = {isa = PBXBuildFile; fileRef = EC4106822B6683E700D9C820 /* Store.swift */; };
		EC43B8F22B5D9790007A55F0 /* CoachGroupView.swift in Sources */ = {isa = PBXBuildFile; fileRef = EC43B8F12B5D9790007A55F0 /* CoachGroupView.swift */; };
		EC43B8F42B5D9EED007A55F0 /* GroupPlayerView.swift in Sources */ = {isa = PBXBuildFile; fileRef = EC43B8F32B5D9EED007A55F0 /* GroupPlayerView.swift */; };
		EC43B8F62B5DA1A0007A55F0 /* EditGroupMembersView.swift in Sources */ = {isa = PBXBuildFile; fileRef = EC43B8F52B5DA1A0007A55F0 /* EditGroupMembersView.swift */; };
		EC43B9002B5DDEF6007A55F0 /* CoachReview.swift in Sources */ = {isa = PBXBuildFile; fileRef = EC43B8FF2B5DDEF6007A55F0 /* CoachReview.swift */; };
		EC43B9022B5DDF40007A55F0 /* CoachReviewDataService.swift in Sources */ = {isa = PBXBuildFile; fileRef = EC43B9012B5DDF40007A55F0 /* CoachReviewDataService.swift */; };
		EC43B9072B5E6C4E007A55F0 /* NewGroupView.swift in Sources */ = {isa = PBXBuildFile; fileRef = EC43B9062B5E6C4E007A55F0 /* NewGroupView.swift */; };
		EC491D272BB034BB0089A1C9 /* CustomVideoPlayer.swift in Sources */ = {isa = PBXBuildFile; fileRef = EC491D262BB034BB0089A1C9 /* CustomVideoPlayer.swift */; };
		EC491D2B2BB039AF0089A1C9 /* CommentView.swift in Sources */ = {isa = PBXBuildFile; fileRef = EC491D2A2BB039AF0089A1C9 /* CommentView.swift */; };
		EC491D2D2BB042340089A1C9 /* AddCommentView.swift in Sources */ = {isa = PBXBuildFile; fileRef = EC491D2C2BB042340089A1C9 /* AddCommentView.swift */; };
		EC491D302BB05CB40089A1C9 /* ToastView.swift in Sources */ = {isa = PBXBuildFile; fileRef = EC491D2F2BB05CB40089A1C9 /* ToastView.swift */; };
		EC4DCAB12B4DD59100B610DC /* AttemptCardView.swift in Sources */ = {isa = PBXBuildFile; fileRef = EC4DCAB02B4DD59100B610DC /* AttemptCardView.swift */; };
		EC5B461C2BBE03B600CD49ED /* FeetDistance.mlmodel in Sources */ = {isa = PBXBuildFile; fileRef = EC5B461B2BBE03B600CD49ED /* FeetDistance.mlmodel */; };
		EC5B461E2BBE9B1100CD49ED /* AppRouter.swift in Sources */ = {isa = PBXBuildFile; fileRef = EC5B461D2BBE9B1100CD49ED /* AppRouter.swift */; };
		EC5B46202BBEAD3600CD49ED /* PlayerRecordView.swift in Sources */ = {isa = PBXBuildFile; fileRef = EC5B461F2BBEAD3600CD49ED /* PlayerRecordView.swift */; };
		EC6AE2CA2B4DE7F100F8C0D2 /* Notification.swift in Sources */ = {isa = PBXBuildFile; fileRef = EC6AE2C92B4DE7F100F8C0D2 /* Notification.swift */; };
		EC6AE2D22B4DEFA000F8C0D2 /* back_squat.mp4 in Resources */ = {isa = PBXBuildFile; fileRef = EC6AE2D12B4DEFA000F8C0D2 /* back_squat.mp4 */; };
		EC6AE2D72B4DF5F200F8C0D2 /* PlayerProfileView.swift in Sources */ = {isa = PBXBuildFile; fileRef = EC6AE2D62B4DF5F200F8C0D2 /* PlayerProfileView.swift */; };
		EC6C2A162BCE67AD000D9E0E /* triangle_pose.mp4 in Resources */ = {isa = PBXBuildFile; fileRef = EC6C2A132BCE658C000D9E0E /* triangle_pose.mp4 */; };
		EC6C2A182BCE684F000D9E0E /* push_up.mp4 in Resources */ = {isa = PBXBuildFile; fileRef = EC6C2A172BCE684E000D9E0E /* push_up.mp4 */; };
		EC6C2A1A2BCEB298000D9E0E /* ControlClassifier.mlmodel in Sources */ = {isa = PBXBuildFile; fileRef = EC6C2A192BCEB298000D9E0E /* ControlClassifier.mlmodel */; };
		EC6C2A1C2BCEDC25000D9E0E /* LoadingCardView.swift in Sources */ = {isa = PBXBuildFile; fileRef = EC6C2A1B2BCEDC25000D9E0E /* LoadingCardView.swift */; };
		EC6C2A1E2BCEE3D8000D9E0E /* NoCoachReviewView.swift in Sources */ = {isa = PBXBuildFile; fileRef = EC6C2A1D2BCEE3D8000D9E0E /* NoCoachReviewView.swift */; };
		EC6C2A202BCEEDE8000D9E0E /* SquatRangeModel.mlmodel in Sources */ = {isa = PBXBuildFile; fileRef = EC6C2A1F2BCEEDE8000D9E0E /* SquatRangeModel.mlmodel */; };
		EC6F7FCA2B769DA30077D20F /* SquatRecognizer.swift in Sources */ = {isa = PBXBuildFile; fileRef = EC6F7FC92B769DA30077D20F /* SquatRecognizer.swift */; };
		EC701C0D2B9E64AA000BEDD8 /* ManagerProfileView.swift in Sources */ = {isa = PBXBuildFile; fileRef = EC701C0C2B9E64AA000BEDD8 /* ManagerProfileView.swift */; };
		EC701C112B9E6689000BEDD8 /* ManagerOverviewView.swift in Sources */ = {isa = PBXBuildFile; fileRef = EC701C102B9E6689000BEDD8 /* ManagerOverviewView.swift */; };
		EC701C132B9E6E98000BEDD8 /* ManagerActivityChart.swift in Sources */ = {isa = PBXBuildFile; fileRef = EC701C122B9E6E98000BEDD8 /* ManagerActivityChart.swift */; };
		EC701C162B9E70AA000BEDD8 /* ManagerCoachesView.swift in Sources */ = {isa = PBXBuildFile; fileRef = EC701C152B9E70AA000BEDD8 /* ManagerCoachesView.swift */; };
		EC7886402BB083430092BEA9 /* VideoKeypointsOverlay.swift in Sources */ = {isa = PBXBuildFile; fileRef = EC78863F2BB083430092BEA9 /* VideoKeypointsOverlay.swift */; };
		EC7886432BB09C920092BEA9 /* ToolPickerView.swift in Sources */ = {isa = PBXBuildFile; fileRef = EC7886422BB09C920092BEA9 /* ToolPickerView.swift */; };
		EC7B6B6C2BBDB39900627FAF /* KneeAlignment.mlmodel in Sources */ = {isa = PBXBuildFile; fileRef = EC7B6B6B2BBDB39900627FAF /* KneeAlignment.mlmodel */; };
		EC7D21F82BB325B900C94B81 /* TechniqueDataService.swift in Sources */ = {isa = PBXBuildFile; fileRef = EC7D21F72BB325B900C94B81 /* TechniqueDataService.swift */; };
		EC8134142B59A63700CB8723 /* squat_attempt.MOV in Resources */ = {isa = PBXBuildFile; fileRef = EC8134132B59A63700CB8723 /* squat_attempt.MOV */; };
		EC8134162B59AD6C00CB8723 /* UserDataService.swift in Sources */ = {isa = PBXBuildFile; fileRef = EC8134152B59AD6C00CB8723 /* UserDataService.swift */; };
		EC81341A2B59BD0000CB8723 /* Relationship.swift in Sources */ = {isa = PBXBuildFile; fileRef = EC8134192B59BD0000CB8723 /* Relationship.swift */; };
		EC81341C2B59BD7D00CB8723 /* RelationshipDataService.swift in Sources */ = {isa = PBXBuildFile; fileRef = EC81341B2B59BD7D00CB8723 /* RelationshipDataService.swift */; };
		EC81341F2B59C55600CB8723 /* AttemptRatingView.swift in Sources */ = {isa = PBXBuildFile; fileRef = EC81341E2B59C55600CB8723 /* AttemptRatingView.swift */; };
		EC884E142B73DBF900F556A6 /* GoogleService-Info.plist in Resources */ = {isa = PBXBuildFile; fileRef = EC884E132B73DBF900F556A6 /* GoogleService-Info.plist */; };
		EC903EF62B5015E300B3AB1F /* Date.swift in Sources */ = {isa = PBXBuildFile; fileRef = EC903EF52B5015E300B3AB1F /* Date.swift */; };
		EC903EF92B501A3900B3AB1F /* ProfileBaseView.swift in Sources */ = {isa = PBXBuildFile; fileRef = EC903EF82B501A3900B3AB1F /* ProfileBaseView.swift */; };
		EC903EFE2B501BF700B3AB1F /* CoachProfileView.swift in Sources */ = {isa = PBXBuildFile; fileRef = EC903EFD2B501BF700B3AB1F /* CoachProfileView.swift */; };
		EC903F032B501E1D00B3AB1F /* CoachPlayersView.swift in Sources */ = {isa = PBXBuildFile; fileRef = EC903F022B501E1D00B3AB1F /* CoachPlayersView.swift */; };
		EC903F0B2B5029E800B3AB1F /* CoachPlayerRequestsView.swift in Sources */ = {isa = PBXBuildFile; fileRef = EC903F0A2B5029E800B3AB1F /* CoachPlayerRequestsView.swift */; };
		EC903F0F2B50309800B3AB1F /* PlayerCardView.swift in Sources */ = {isa = PBXBuildFile; fileRef = EC903F0E2B50309800B3AB1F /* PlayerCardView.swift */; };
		EC903F112B5039B200B3AB1F /* GroupCardView.swift in Sources */ = {isa = PBXBuildFile; fileRef = EC903F102B5039B200B3AB1F /* GroupCardView.swift */; };
		EC903F132B5039CB00B3AB1F /* Group.swift in Sources */ = {isa = PBXBuildFile; fileRef = EC903F122B5039CB00B3AB1F /* Group.swift */; };
		EC903F182B503F4400B3AB1F /* PlayerView.swift in Sources */ = {isa = PBXBuildFile; fileRef = EC903F172B503F4400B3AB1F /* PlayerView.swift */; };
		EC98B9D12BB303A50053525B /* VideoResourceView.swift in Sources */ = {isa = PBXBuildFile; fileRef = EC98B9D02BB303A50053525B /* VideoResourceView.swift */; };
		EC98B9D32BB303B20053525B /* ImageResourceView.swift in Sources */ = {isa = PBXBuildFile; fileRef = EC98B9D22BB303B20053525B /* ImageResourceView.swift */; };
		ECAA8EA12B51B6C40001FE7D /* AttemptDataService.swift in Sources */ = {isa = PBXBuildFile; fileRef = ECAA8EA02B51B6C40001FE7D /* AttemptDataService.swift */; };
		ECAA8EAE2B5495240001FE7D /* DrawFeedbackView.swift in Sources */ = {isa = PBXBuildFile; fileRef = ECAA8EAD2B5495240001FE7D /* DrawFeedbackView.swift */; };
		ECAA8EB02B54981A0001FE7D /* ColorPickerView.swift in Sources */ = {isa = PBXBuildFile; fileRef = ECAA8EAF2B54981A0001FE7D /* ColorPickerView.swift */; };
		ECAA8EB72B54A6520001FE7D /* RecordAttemptView.swift in Sources */ = {isa = PBXBuildFile; fileRef = ECAA8EB62B54A6520001FE7D /* RecordAttemptView.swift */; };
		ECBDBD592B9EFF5A00C518E0 /* ManagerStatCardView.swift in Sources */ = {isa = PBXBuildFile; fileRef = ECBDBD582B9EFF5A00C518E0 /* ManagerStatCardView.swift */; };
		ECBE8BC52B86568200D7E808 /* pull_up.mp4 in Resources */ = {isa = PBXBuildFile; fileRef = ECBE8BC42B86555E00D7E808 /* pull_up.mp4 */; };
		ECBF10382BB5868D008E43BB /* CacheManager.swift in Sources */ = {isa = PBXBuildFile; fileRef = ECBF10372BB5868D008E43BB /* CacheManager.swift */; };
		ECBF103B2BB5A2ED008E43BB /* AsyncCachedImage.swift in Sources */ = {isa = PBXBuildFile; fileRef = ECBF103A2BB5A2ED008E43BB /* AsyncCachedImage.swift */; };
		ECBF103E2BB5AF05008E43BB /* HomeHeaderView.swift in Sources */ = {isa = PBXBuildFile; fileRef = ECBF103D2BB5AF05008E43BB /* HomeHeaderView.swift */; };
		ECBF10412BB5B1BB008E43BB /* NotificationsView.swift in Sources */ = {isa = PBXBuildFile; fileRef = ECBF10402BB5B1BB008E43BB /* NotificationsView.swift */; };
		ECC9F6AC2B7D3E2500936725 /* PlayerReportView.swift in Sources */ = {isa = PBXBuildFile; fileRef = ECC9F6AB2B7D3E2500936725 /* PlayerReportView.swift */; };
		ECCC1FC52B671772004CF111 /* VideoFrameView.swift in Sources */ = {isa = PBXBuildFile; fileRef = ECCC1FC42B671772004CF111 /* VideoFrameView.swift */; };
		ECCDD3822BBAC0890058B6B3 /* NoAIReviewView.swift in Sources */ = {isa = PBXBuildFile; fileRef = ECCDD3812BBAC0890058B6B3 /* NoAIReviewView.swift */; };
		ECCDD3842BBAD3E00058B6B3 /* FlagAIReview.swift in Sources */ = {isa = PBXBuildFile; fileRef = ECCDD3832BBAD3E00058B6B3 /* FlagAIReview.swift */; };
		ECCDD3882BBC3C660058B6B3 /* GroupDataService.swift in Sources */ = {isa = PBXBuildFile; fileRef = ECCDD3872BBC3C660058B6B3 /* GroupDataService.swift */; };
		ECCDEED72B599B9D00F19A1F /* VideoAutoplayView.swift in Sources */ = {isa = PBXBuildFile; fileRef = ECCDEED62B599B9D00F19A1F /* VideoAutoplayView.swift */; };
		ECE43EA52B4E09E200BDE0C7 /* TechniqueCardView.swift in Sources */ = {isa = PBXBuildFile; fileRef = ECE43EA42B4E09E200BDE0C7 /* TechniqueCardView.swift */; };
		ECE43EAA2B4E0E9300BDE0C7 /* SelectTechniqueView.swift in Sources */ = {isa = PBXBuildFile; fileRef = ECE43EA92B4E0E9300BDE0C7 /* SelectTechniqueView.swift */; };
		ECE43EAE2B4EB81200BDE0C7 /* TechniqueDetailsView.swift in Sources */ = {isa = PBXBuildFile; fileRef = ECE43EAD2B4EB81200BDE0C7 /* TechniqueDetailsView.swift */; };
		ECE43EB22B4ECEC000BDE0C7 /* Coach.swift in Sources */ = {isa = PBXBuildFile; fileRef = ECE43EB12B4ECEC000BDE0C7 /* Coach.swift */; };
		ECE43EB52B4ED02E00BDE0C7 /* CirclePhotoView.swift in Sources */ = {isa = PBXBuildFile; fileRef = ECE43EB42B4ED02E00BDE0C7 /* CirclePhotoView.swift */; };
		ECE43EB72B4ED13F00BDE0C7 /* CoachRowView.swift in Sources */ = {isa = PBXBuildFile; fileRef = ECE43EB62B4ED13F00BDE0C7 /* CoachRowView.swift */; };
		ECE43EB92B4ED49200BDE0C7 /* NewCoachPopupView.swift in Sources */ = {isa = PBXBuildFile; fileRef = ECE43EB82B4ED49200BDE0C7 /* NewCoachPopupView.swift */; };
		ECE793112BAB26B40049F9A4 /* AttemptVisibilityView.swift in Sources */ = {isa = PBXBuildFile; fileRef = ECE793102BAB26B40049F9A4 /* AttemptVisibilityView.swift */; };
		ECEE652C2B73E69200504A19 /* AuthenticationFormField.swift in Sources */ = {isa = PBXBuildFile; fileRef = ECEE652B2B73E69200504A19 /* AuthenticationFormField.swift */; };
		ECEE652E2B73F13B00504A19 /* User.swift in Sources */ = {isa = PBXBuildFile; fileRef = ECEE652D2B73F13B00504A19 /* User.swift */; };
		ECEE65302B73FC2F00504A19 /* VideoDataService.swift in Sources */ = {isa = PBXBuildFile; fileRef = ECEE652F2B73FC2F00504A19 /* VideoDataService.swift */; };
		ECF0B80A2BAEF54B00B22E6E /* UIImage.swift in Sources */ = {isa = PBXBuildFile; fileRef = ECF0B8092BAEF54B00B22E6E /* UIImage.swift */; };
		ECF0B80C2BAEFF8300B22E6E /* View.swift in Sources */ = {isa = PBXBuildFile; fileRef = ECF0B80B2BAEFF8300B22E6E /* View.swift */; };
		ECF0B80E2BAF00FD00B22E6E /* Comment.swift in Sources */ = {isa = PBXBuildFile; fileRef = ECF0B80D2BAF00FD00B22E6E /* Comment.swift */; };
		ECF0B8102BAF015F00B22E6E /* CommentDataService.swift in Sources */ = {isa = PBXBuildFile; fileRef = ECF0B80F2BAF015F00B22E6E /* CommentDataService.swift */; };
		ECF0B8132BAF517D00B22E6E /* CommentsPopupView.swift in Sources */ = {isa = PBXBuildFile; fileRef = ECF0B8122BAF517D00B22E6E /* CommentsPopupView.swift */; };
		ECF4D3A92BB6E72F00F44C80 /* Array.swift in Sources */ = {isa = PBXBuildFile; fileRef = ECF4D3A82BB6E72F00F44C80 /* Array.swift */; };
		ECF4D3AD2BB9BB6F00F44C80 /* SquatOrNot.mlmodel in Sources */ = {isa = PBXBuildFile; fileRef = ECF4D3AC2BB9BB6F00F44C80 /* SquatOrNot.mlmodel */; };
		ECFAF2B92B756797003F04F4 /* ImageDataService.swift in Sources */ = {isa = PBXBuildFile; fileRef = ECFAF2B82B756797003F04F4 /* ImageDataService.swift */; };
		ECFAF2BC2B756828003F04F4 /* ImagePicker.swift in Sources */ = {isa = PBXBuildFile; fileRef = ECFAF2BB2B756828003F04F4 /* ImagePicker.swift */; };
/* End PBXBuildFile section */

/* Begin PBXFileReference section */
		EC0E001E2B4DB00600F06B98 /* SmartTrainer.app */ = {isa = PBXFileReference; explicitFileType = wrapper.application; includeInIndex = 0; path = SmartTrainer.app; sourceTree = BUILT_PRODUCTS_DIR; };
		EC0E00212B4DB00600F06B98 /* SmartTrainerApp.swift */ = {isa = PBXFileReference; lastKnownFileType = sourcecode.swift; path = SmartTrainerApp.swift; sourceTree = "<group>"; };
		EC0E00252B4DB01D00F06B98 /* Assets.xcassets */ = {isa = PBXFileReference; lastKnownFileType = folder.assetcatalog; path = Assets.xcassets; sourceTree = "<group>"; };
		EC0E00282B4DB01D00F06B98 /* Preview Assets.xcassets */ = {isa = PBXFileReference; lastKnownFileType = folder.assetcatalog; path = "Preview Assets.xcassets"; sourceTree = "<group>"; };
		EC0E00322B4DB11E00F06B98 /* Color.swift */ = {isa = PBXFileReference; lastKnownFileType = sourcecode.swift; path = Color.swift; sourceTree = "<group>"; };
		EC0E00342B4DB23800F06B98 /* Technique.swift */ = {isa = PBXFileReference; lastKnownFileType = sourcecode.swift; path = Technique.swift; sourceTree = "<group>"; };
		EC0E00362B4DB2C100F06B98 /* PreviewProvider.swift */ = {isa = PBXFileReference; lastKnownFileType = sourcecode.swift; path = PreviewProvider.swift; sourceTree = "<group>"; };
		EC0E00382B4DB73200F06B98 /* Attempt.swift */ = {isa = PBXFileReference; lastKnownFileType = sourcecode.swift; path = Attempt.swift; sourceTree = "<group>"; };
		EC0E003B2B4DB8AE00F06B98 /* HomeView.swift */ = {isa = PBXFileReference; lastKnownFileType = sourcecode.swift; path = HomeView.swift; sourceTree = "<group>"; };
		EC0E003F2B4DB8FA00F06B98 /* CircleButtonView.swift */ = {isa = PBXFileReference; lastKnownFileType = sourcecode.swift; path = CircleButtonView.swift; sourceTree = "<group>"; };
		EC0E00412B4DC48C00F06B98 /* SmartTrainerTabView.swift */ = {isa = PBXFileReference; lastKnownFileType = sourcecode.swift; path = SmartTrainerTabView.swift; sourceTree = "<group>"; };
		EC0E00442B4DC75300F06B98 /* SearchBarView.swift */ = {isa = PBXFileReference; lastKnownFileType = sourcecode.swift; path = SearchBarView.swift; sourceTree = "<group>"; };
		EC0F84212BCD9B6100A90915 /* NotificationView.swift */ = {isa = PBXFileReference; lastKnownFileType = sourcecode.swift; path = NotificationView.swift; sourceTree = "<group>"; };
		EC10D8B02B94F8E2000227B5 /* ActivityChartView.swift */ = {isa = PBXFileReference; lastKnownFileType = sourcecode.swift; path = ActivityChartView.swift; sourceTree = "<group>"; };
		EC10D8B22B94F9AA000227B5 /* ChartPoint.swift */ = {isa = PBXFileReference; lastKnownFileType = sourcecode.swift; path = ChartPoint.swift; sourceTree = "<group>"; };
		EC10D8B52B9539E2000227B5 /* CoachScoresChartView.swift */ = {isa = PBXFileReference; lastKnownFileType = sourcecode.swift; path = CoachScoresChartView.swift; sourceTree = "<group>"; };
		EC10D8B82B953D4A000227B5 /* AIScoresChartView.swift */ = {isa = PBXFileReference; lastKnownFileType = sourcecode.swift; path = AIScoresChartView.swift; sourceTree = "<group>"; };
		EC2CAF9F2B5AFC300079DE11 /* NotificationDataService.swift */ = {isa = PBXFileReference; lastKnownFileType = sourcecode.swift; path = NotificationDataService.swift; sourceTree = "<group>"; };
		EC2CAFA42B5AFDAB0079DE11 /* LogInView.swift */ = {isa = PBXFileReference; lastKnownFileType = sourcecode.swift; path = LogInView.swift; sourceTree = "<group>"; };
		EC2CAFA62B5AFFF70079DE11 /* SignUpView.swift */ = {isa = PBXFileReference; lastKnownFileType = sourcecode.swift; path = SignUpView.swift; sourceTree = "<group>"; };
		EC32CCC42B7CFFEA00CAB9EC /* RolePickerView.swift */ = {isa = PBXFileReference; lastKnownFileType = sourcecode.swift; path = RolePickerView.swift; sourceTree = "<group>"; };
		EC3A7FC62B69560F0022A861 /* ChartView.swift */ = {isa = PBXFileReference; lastKnownFileType = sourcecode.swift; path = ChartView.swift; sourceTree = "<group>"; };
		EC3A7FD42B6A7AD30022A861 /* AttemptFeedView.swift */ = {isa = PBXFileReference; lastKnownFileType = sourcecode.swift; path = AttemptFeedView.swift; sourceTree = "<group>"; };
		EC3A7FD82B6A90F40022A861 /* CoachReviewView.swift */ = {isa = PBXFileReference; lastKnownFileType = sourcecode.swift; path = CoachReviewView.swift; sourceTree = "<group>"; };
		EC3A7FDA2B6A96AA0022A861 /* AIReviewView.swift */ = {isa = PBXFileReference; lastKnownFileType = sourcecode.swift; path = AIReviewView.swift; sourceTree = "<group>"; };
		EC3A7FDC2B6A971F0022A861 /* AIRatingReviewView.swift */ = {isa = PBXFileReference; lastKnownFileType = sourcecode.swift; path = AIRatingReviewView.swift; sourceTree = "<group>"; };
		EC3BD4ED2B7CC76800681FC3 /* IMG_7215.MOV */ = {isa = PBXFileReference; lastKnownFileType = video.quicktime; path = IMG_7215.MOV; sourceTree = "<group>"; };
		EC3BD4EF2B7CC8ED00681FC3 /* AIReviewDataService.swift */ = {isa = PBXFileReference; lastKnownFileType = sourcecode.swift; path = AIReviewDataService.swift; sourceTree = "<group>"; };
		EC3BD4F12B7CC92400681FC3 /* AIReview.swift */ = {isa = PBXFileReference; lastKnownFileType = sourcecode.swift; path = AIReview.swift; sourceTree = "<group>"; };
		EC3E6D9B2BAB150F0055BEDF /* UploadAttemptView.swift */ = {isa = PBXFileReference; lastKnownFileType = sourcecode.swift; path = UploadAttemptView.swift; sourceTree = "<group>"; };
		EC4106822B6683E700D9C820 /* Store.swift */ = {isa = PBXFileReference; lastKnownFileType = sourcecode.swift; path = Store.swift; sourceTree = "<group>"; };
		EC43B8F12B5D9790007A55F0 /* CoachGroupView.swift */ = {isa = PBXFileReference; lastKnownFileType = sourcecode.swift; path = CoachGroupView.swift; sourceTree = "<group>"; };
		EC43B8F32B5D9EED007A55F0 /* GroupPlayerView.swift */ = {isa = PBXFileReference; lastKnownFileType = sourcecode.swift; path = GroupPlayerView.swift; sourceTree = "<group>"; };
		EC43B8F52B5DA1A0007A55F0 /* EditGroupMembersView.swift */ = {isa = PBXFileReference; lastKnownFileType = sourcecode.swift; path = EditGroupMembersView.swift; sourceTree = "<group>"; };
		EC43B8FF2B5DDEF6007A55F0 /* CoachReview.swift */ = {isa = PBXFileReference; lastKnownFileType = sourcecode.swift; path = CoachReview.swift; sourceTree = "<group>"; };
		EC43B9012B5DDF40007A55F0 /* CoachReviewDataService.swift */ = {isa = PBXFileReference; lastKnownFileType = sourcecode.swift; path = CoachReviewDataService.swift; sourceTree = "<group>"; };
		EC43B9062B5E6C4E007A55F0 /* NewGroupView.swift */ = {isa = PBXFileReference; lastKnownFileType = sourcecode.swift; path = NewGroupView.swift; sourceTree = "<group>"; };
		EC491D262BB034BB0089A1C9 /* CustomVideoPlayer.swift */ = {isa = PBXFileReference; lastKnownFileType = sourcecode.swift; path = CustomVideoPlayer.swift; sourceTree = "<group>"; };
		EC491D2A2BB039AF0089A1C9 /* CommentView.swift */ = {isa = PBXFileReference; lastKnownFileType = sourcecode.swift; path = CommentView.swift; sourceTree = "<group>"; };
		EC491D2C2BB042340089A1C9 /* AddCommentView.swift */ = {isa = PBXFileReference; lastKnownFileType = sourcecode.swift; path = AddCommentView.swift; sourceTree = "<group>"; };
		EC491D2F2BB05CB40089A1C9 /* ToastView.swift */ = {isa = PBXFileReference; lastKnownFileType = sourcecode.swift; path = ToastView.swift; sourceTree = "<group>"; };
		EC4DCAB02B4DD59100B610DC /* AttemptCardView.swift */ = {isa = PBXFileReference; lastKnownFileType = sourcecode.swift; path = AttemptCardView.swift; sourceTree = "<group>"; };
		EC5B461B2BBE03B600CD49ED /* FeetDistance.mlmodel */ = {isa = PBXFileReference; lastKnownFileType = file.mlmodel; path = FeetDistance.mlmodel; sourceTree = "<group>"; };
		EC5B461D2BBE9B1100CD49ED /* AppRouter.swift */ = {isa = PBXFileReference; lastKnownFileType = sourcecode.swift; path = AppRouter.swift; sourceTree = "<group>"; };
		EC5B461F2BBEAD3600CD49ED /* PlayerRecordView.swift */ = {isa = PBXFileReference; lastKnownFileType = sourcecode.swift; path = PlayerRecordView.swift; sourceTree = "<group>"; };
		EC6AE2C92B4DE7F100F8C0D2 /* Notification.swift */ = {isa = PBXFileReference; lastKnownFileType = sourcecode.swift; path = Notification.swift; sourceTree = "<group>"; };
		EC6AE2D12B4DEFA000F8C0D2 /* back_squat.mp4 */ = {isa = PBXFileReference; lastKnownFileType = file; path = back_squat.mp4; sourceTree = "<group>"; };
		EC6AE2D62B4DF5F200F8C0D2 /* PlayerProfileView.swift */ = {isa = PBXFileReference; lastKnownFileType = sourcecode.swift; path = PlayerProfileView.swift; sourceTree = "<group>"; };
		EC6C2A132BCE658C000D9E0E /* triangle_pose.mp4 */ = {isa = PBXFileReference; lastKnownFileType = file; path = triangle_pose.mp4; sourceTree = "<group>"; };
		EC6C2A172BCE684E000D9E0E /* push_up.mp4 */ = {isa = PBXFileReference; lastKnownFileType = file; path = push_up.mp4; sourceTree = "<group>"; };
		EC6C2A192BCEB298000D9E0E /* ControlClassifier.mlmodel */ = {isa = PBXFileReference; lastKnownFileType = file.mlmodel; path = ControlClassifier.mlmodel; sourceTree = "<group>"; };
		EC6C2A1B2BCEDC25000D9E0E /* LoadingCardView.swift */ = {isa = PBXFileReference; lastKnownFileType = sourcecode.swift; path = LoadingCardView.swift; sourceTree = "<group>"; };
		EC6C2A1D2BCEE3D8000D9E0E /* NoCoachReviewView.swift */ = {isa = PBXFileReference; lastKnownFileType = sourcecode.swift; path = NoCoachReviewView.swift; sourceTree = "<group>"; };
		EC6C2A1F2BCEEDE8000D9E0E /* SquatRangeModel.mlmodel */ = {isa = PBXFileReference; lastKnownFileType = file.mlmodel; path = SquatRangeModel.mlmodel; sourceTree = "<group>"; };
		EC6F7FC92B769DA30077D20F /* SquatRecognizer.swift */ = {isa = PBXFileReference; lastKnownFileType = sourcecode.swift; path = SquatRecognizer.swift; sourceTree = "<group>"; };
		EC701C0C2B9E64AA000BEDD8 /* ManagerProfileView.swift */ = {isa = PBXFileReference; lastKnownFileType = sourcecode.swift; path = ManagerProfileView.swift; sourceTree = "<group>"; };
		EC701C102B9E6689000BEDD8 /* ManagerOverviewView.swift */ = {isa = PBXFileReference; lastKnownFileType = sourcecode.swift; path = ManagerOverviewView.swift; sourceTree = "<group>"; };
		EC701C122B9E6E98000BEDD8 /* ManagerActivityChart.swift */ = {isa = PBXFileReference; lastKnownFileType = sourcecode.swift; path = ManagerActivityChart.swift; sourceTree = "<group>"; };
		EC701C152B9E70AA000BEDD8 /* ManagerCoachesView.swift */ = {isa = PBXFileReference; lastKnownFileType = sourcecode.swift; path = ManagerCoachesView.swift; sourceTree = "<group>"; };
		EC78863F2BB083430092BEA9 /* VideoKeypointsOverlay.swift */ = {isa = PBXFileReference; lastKnownFileType = sourcecode.swift; path = VideoKeypointsOverlay.swift; sourceTree = "<group>"; };
		EC7886422BB09C920092BEA9 /* ToolPickerView.swift */ = {isa = PBXFileReference; lastKnownFileType = sourcecode.swift; path = ToolPickerView.swift; sourceTree = "<group>"; };
		EC7B6B6B2BBDB39900627FAF /* KneeAlignment.mlmodel */ = {isa = PBXFileReference; lastKnownFileType = file.mlmodel; path = KneeAlignment.mlmodel; sourceTree = "<group>"; };
		EC7D21F72BB325B900C94B81 /* TechniqueDataService.swift */ = {isa = PBXFileReference; lastKnownFileType = sourcecode.swift; path = TechniqueDataService.swift; sourceTree = "<group>"; };
		EC8134132B59A63700CB8723 /* squat_attempt.MOV */ = {isa = PBXFileReference; lastKnownFileType = video.quicktime; path = squat_attempt.MOV; sourceTree = "<group>"; };
		EC8134152B59AD6C00CB8723 /* UserDataService.swift */ = {isa = PBXFileReference; lastKnownFileType = sourcecode.swift; path = UserDataService.swift; sourceTree = "<group>"; };
		EC8134192B59BD0000CB8723 /* Relationship.swift */ = {isa = PBXFileReference; lastKnownFileType = sourcecode.swift; path = Relationship.swift; sourceTree = "<group>"; };
		EC81341B2B59BD7D00CB8723 /* RelationshipDataService.swift */ = {isa = PBXFileReference; lastKnownFileType = sourcecode.swift; path = RelationshipDataService.swift; sourceTree = "<group>"; };
		EC81341E2B59C55600CB8723 /* AttemptRatingView.swift */ = {isa = PBXFileReference; lastKnownFileType = sourcecode.swift; path = AttemptRatingView.swift; sourceTree = "<group>"; };
		EC884E132B73DBF900F556A6 /* GoogleService-Info.plist */ = {isa = PBXFileReference; fileEncoding = 4; lastKnownFileType = text.plist.xml; path = "GoogleService-Info.plist"; sourceTree = "<group>"; };
		EC903EF52B5015E300B3AB1F /* Date.swift */ = {isa = PBXFileReference; lastKnownFileType = sourcecode.swift; path = Date.swift; sourceTree = "<group>"; };
		EC903EF82B501A3900B3AB1F /* ProfileBaseView.swift */ = {isa = PBXFileReference; lastKnownFileType = sourcecode.swift; path = ProfileBaseView.swift; sourceTree = "<group>"; };
		EC903EFD2B501BF700B3AB1F /* CoachProfileView.swift */ = {isa = PBXFileReference; lastKnownFileType = sourcecode.swift; path = CoachProfileView.swift; sourceTree = "<group>"; };
		EC903F022B501E1D00B3AB1F /* CoachPlayersView.swift */ = {isa = PBXFileReference; lastKnownFileType = sourcecode.swift; path = CoachPlayersView.swift; sourceTree = "<group>"; };
		EC903F0A2B5029E800B3AB1F /* CoachPlayerRequestsView.swift */ = {isa = PBXFileReference; lastKnownFileType = sourcecode.swift; path = CoachPlayerRequestsView.swift; sourceTree = "<group>"; };
		EC903F0E2B50309800B3AB1F /* PlayerCardView.swift */ = {isa = PBXFileReference; lastKnownFileType = sourcecode.swift; path = PlayerCardView.swift; sourceTree = "<group>"; };
		EC903F102B5039B200B3AB1F /* GroupCardView.swift */ = {isa = PBXFileReference; lastKnownFileType = sourcecode.swift; path = GroupCardView.swift; sourceTree = "<group>"; };
		EC903F122B5039CB00B3AB1F /* Group.swift */ = {isa = PBXFileReference; lastKnownFileType = sourcecode.swift; path = Group.swift; sourceTree = "<group>"; };
		EC903F172B503F4400B3AB1F /* PlayerView.swift */ = {isa = PBXFileReference; lastKnownFileType = sourcecode.swift; path = PlayerView.swift; sourceTree = "<group>"; };
		EC98B9D02BB303A50053525B /* VideoResourceView.swift */ = {isa = PBXFileReference; lastKnownFileType = sourcecode.swift; path = VideoResourceView.swift; sourceTree = "<group>"; };
		EC98B9D22BB303B20053525B /* ImageResourceView.swift */ = {isa = PBXFileReference; lastKnownFileType = sourcecode.swift; path = ImageResourceView.swift; sourceTree = "<group>"; };
		ECAA8EA02B51B6C40001FE7D /* AttemptDataService.swift */ = {isa = PBXFileReference; lastKnownFileType = sourcecode.swift; path = AttemptDataService.swift; sourceTree = "<group>"; };
		ECAA8EA22B51C8810001FE7D /* Info.plist */ = {isa = PBXFileReference; lastKnownFileType = text.plist; path = Info.plist; sourceTree = "<group>"; };
		ECAA8EAD2B5495240001FE7D /* DrawFeedbackView.swift */ = {isa = PBXFileReference; lastKnownFileType = sourcecode.swift; path = DrawFeedbackView.swift; sourceTree = "<group>"; };
		ECAA8EAF2B54981A0001FE7D /* ColorPickerView.swift */ = {isa = PBXFileReference; lastKnownFileType = sourcecode.swift; path = ColorPickerView.swift; sourceTree = "<group>"; };
		ECAA8EB62B54A6520001FE7D /* RecordAttemptView.swift */ = {isa = PBXFileReference; lastKnownFileType = sourcecode.swift; path = RecordAttemptView.swift; sourceTree = "<group>"; };
		ECBDBD582B9EFF5A00C518E0 /* ManagerStatCardView.swift */ = {isa = PBXFileReference; lastKnownFileType = sourcecode.swift; path = ManagerStatCardView.swift; sourceTree = "<group>"; };
		ECBE8BC42B86555E00D7E808 /* pull_up.mp4 */ = {isa = PBXFileReference; lastKnownFileType = file; path = pull_up.mp4; sourceTree = "<group>"; };
		ECBF10372BB5868D008E43BB /* CacheManager.swift */ = {isa = PBXFileReference; lastKnownFileType = sourcecode.swift; path = CacheManager.swift; sourceTree = "<group>"; };
		ECBF103A2BB5A2ED008E43BB /* AsyncCachedImage.swift */ = {isa = PBXFileReference; lastKnownFileType = sourcecode.swift; path = AsyncCachedImage.swift; sourceTree = "<group>"; };
		ECBF103D2BB5AF05008E43BB /* HomeHeaderView.swift */ = {isa = PBXFileReference; lastKnownFileType = sourcecode.swift; path = HomeHeaderView.swift; sourceTree = "<group>"; };
		ECBF10402BB5B1BB008E43BB /* NotificationsView.swift */ = {isa = PBXFileReference; lastKnownFileType = sourcecode.swift; path = NotificationsView.swift; sourceTree = "<group>"; };
		ECC9F6AB2B7D3E2500936725 /* PlayerReportView.swift */ = {isa = PBXFileReference; lastKnownFileType = sourcecode.swift; path = PlayerReportView.swift; sourceTree = "<group>"; };
		ECCC1FC42B671772004CF111 /* VideoFrameView.swift */ = {isa = PBXFileReference; lastKnownFileType = sourcecode.swift; path = VideoFrameView.swift; sourceTree = "<group>"; };
		ECCDD3812BBAC0890058B6B3 /* NoAIReviewView.swift */ = {isa = PBXFileReference; lastKnownFileType = sourcecode.swift; path = NoAIReviewView.swift; sourceTree = "<group>"; };
		ECCDD3832BBAD3E00058B6B3 /* FlagAIReview.swift */ = {isa = PBXFileReference; lastKnownFileType = sourcecode.swift; path = FlagAIReview.swift; sourceTree = "<group>"; };
		ECCDD3872BBC3C660058B6B3 /* GroupDataService.swift */ = {isa = PBXFileReference; lastKnownFileType = sourcecode.swift; path = GroupDataService.swift; sourceTree = "<group>"; };
		ECCDEED62B599B9D00F19A1F /* VideoAutoplayView.swift */ = {isa = PBXFileReference; lastKnownFileType = sourcecode.swift; path = VideoAutoplayView.swift; sourceTree = "<group>"; };
		ECE43EA42B4E09E200BDE0C7 /* TechniqueCardView.swift */ = {isa = PBXFileReference; lastKnownFileType = sourcecode.swift; path = TechniqueCardView.swift; sourceTree = "<group>"; };
		ECE43EA92B4E0E9300BDE0C7 /* SelectTechniqueView.swift */ = {isa = PBXFileReference; lastKnownFileType = sourcecode.swift; path = SelectTechniqueView.swift; sourceTree = "<group>"; };
		ECE43EAD2B4EB81200BDE0C7 /* TechniqueDetailsView.swift */ = {isa = PBXFileReference; lastKnownFileType = sourcecode.swift; path = TechniqueDetailsView.swift; sourceTree = "<group>"; };
		ECE43EB12B4ECEC000BDE0C7 /* Coach.swift */ = {isa = PBXFileReference; lastKnownFileType = sourcecode.swift; path = Coach.swift; sourceTree = "<group>"; };
		ECE43EB42B4ED02E00BDE0C7 /* CirclePhotoView.swift */ = {isa = PBXFileReference; lastKnownFileType = sourcecode.swift; path = CirclePhotoView.swift; sourceTree = "<group>"; };
		ECE43EB62B4ED13F00BDE0C7 /* CoachRowView.swift */ = {isa = PBXFileReference; lastKnownFileType = sourcecode.swift; path = CoachRowView.swift; sourceTree = "<group>"; };
		ECE43EB82B4ED49200BDE0C7 /* NewCoachPopupView.swift */ = {isa = PBXFileReference; lastKnownFileType = sourcecode.swift; path = NewCoachPopupView.swift; sourceTree = "<group>"; };
		ECE793102BAB26B40049F9A4 /* AttemptVisibilityView.swift */ = {isa = PBXFileReference; lastKnownFileType = sourcecode.swift; path = AttemptVisibilityView.swift; sourceTree = "<group>"; };
		ECEE652B2B73E69200504A19 /* AuthenticationFormField.swift */ = {isa = PBXFileReference; lastKnownFileType = sourcecode.swift; path = AuthenticationFormField.swift; sourceTree = "<group>"; };
		ECEE652D2B73F13B00504A19 /* User.swift */ = {isa = PBXFileReference; lastKnownFileType = sourcecode.swift; path = User.swift; sourceTree = "<group>"; };
		ECEE652F2B73FC2F00504A19 /* VideoDataService.swift */ = {isa = PBXFileReference; lastKnownFileType = sourcecode.swift; path = VideoDataService.swift; sourceTree = "<group>"; };
		ECF0B8092BAEF54B00B22E6E /* UIImage.swift */ = {isa = PBXFileReference; lastKnownFileType = sourcecode.swift; path = UIImage.swift; sourceTree = "<group>"; };
		ECF0B80B2BAEFF8300B22E6E /* View.swift */ = {isa = PBXFileReference; lastKnownFileType = sourcecode.swift; path = View.swift; sourceTree = "<group>"; };
		ECF0B80D2BAF00FD00B22E6E /* Comment.swift */ = {isa = PBXFileReference; lastKnownFileType = sourcecode.swift; path = Comment.swift; sourceTree = "<group>"; };
		ECF0B80F2BAF015F00B22E6E /* CommentDataService.swift */ = {isa = PBXFileReference; lastKnownFileType = sourcecode.swift; path = CommentDataService.swift; sourceTree = "<group>"; };
		ECF0B8122BAF517D00B22E6E /* CommentsPopupView.swift */ = {isa = PBXFileReference; lastKnownFileType = sourcecode.swift; path = CommentsPopupView.swift; sourceTree = "<group>"; };
		ECF4D3A82BB6E72F00F44C80 /* Array.swift */ = {isa = PBXFileReference; lastKnownFileType = sourcecode.swift; path = Array.swift; sourceTree = "<group>"; };
		ECF4D3AC2BB9BB6F00F44C80 /* SquatOrNot.mlmodel */ = {isa = PBXFileReference; lastKnownFileType = file.mlmodel; path = SquatOrNot.mlmodel; sourceTree = "<group>"; };
		ECFAF2B82B756797003F04F4 /* ImageDataService.swift */ = {isa = PBXFileReference; lastKnownFileType = sourcecode.swift; path = ImageDataService.swift; sourceTree = "<group>"; };
		ECFAF2BB2B756828003F04F4 /* ImagePicker.swift */ = {isa = PBXFileReference; lastKnownFileType = sourcecode.swift; path = ImagePicker.swift; sourceTree = "<group>"; };
/* End PBXFileReference section */

/* Begin PBXFrameworksBuildPhase section */
		EC0E001B2B4DB00600F06B98 /* Frameworks */ = {
			isa = PBXFrameworksBuildPhase;
			buildActionMask = 2147483647;
			files = (
				EC18223D2B73DD3500C4B2BE /* FirebaseDatabase in Frameworks */,
				EC18224B2B73DD3500C4B2BE /* FirebaseFunctionsCombine-Community in Frameworks */,
				EC1822432B73DD3500C4B2BE /* FirebaseFirestore in Frameworks */,
				EC18222F2B73DD3500C4B2BE /* FirebaseAnalyticsSwift in Frameworks */,
				EC18222B2B73DD3500C4B2BE /* FirebaseAnalytics in Frameworks */,
				EC18222D2B73DD3500C4B2BE /* FirebaseAnalyticsOnDeviceConversion in Frameworks */,
				EC1822532B73DD3500C4B2BE /* FirebaseMLModelDownloader in Frameworks */,
				EC1822472B73DD3500C4B2BE /* FirebaseFirestoreSwift in Frameworks */,
				EC1822332B73DD3500C4B2BE /* FirebaseAppCheck in Frameworks */,
				EC1822312B73DD3500C4B2BE /* FirebaseAnalyticsWithoutAdIdSupport in Frameworks */,
				EC1822372B73DD3500C4B2BE /* FirebaseAuth in Frameworks */,
				EC18223B2B73DD3500C4B2BE /* FirebaseCrashlytics in Frameworks */,
				EC18225B2B73DD3500C4B2BE /* FirebaseRemoteConfigSwift in Frameworks */,
				EC18224D2B73DD3500C4B2BE /* FirebaseInAppMessaging-Beta in Frameworks */,
				EC18223F2B73DD3500C4B2BE /* FirebaseDatabaseSwift in Frameworks */,
				EC1822492B73DD3500C4B2BE /* FirebaseFunctions in Frameworks */,
				EC18225F2B73DD3500C4B2BE /* FirebaseStorageCombine-Community in Frameworks */,
				EC1822592B73DD3500C4B2BE /* FirebaseRemoteConfig in Frameworks */,
				EC1822352B73DD3500C4B2BE /* FirebaseAppDistribution-Beta in Frameworks */,
				EC1822392B73DD3500C4B2BE /* FirebaseAuthCombine-Community in Frameworks */,
				EC1822572B73DD3500C4B2BE /* FirebasePerformance in Frameworks */,
				EC18224F2B73DD3500C4B2BE /* FirebaseInAppMessagingSwift-Beta in Frameworks */,
				EC18225D2B73DD3500C4B2BE /* FirebaseStorage in Frameworks */,
				EC1822412B73DD3500C4B2BE /* FirebaseDynamicLinks in Frameworks */,
				EC1822452B73DD3500C4B2BE /* FirebaseFirestoreCombine-Community in Frameworks */,
				EC1822552B73DD3500C4B2BE /* FirebaseMessaging in Frameworks */,
				EC1822512B73DD3500C4B2BE /* FirebaseInstallations in Frameworks */,
			);
			runOnlyForDeploymentPostprocessing = 0;
		};
/* End PBXFrameworksBuildPhase section */

/* Begin PBXGroup section */
		EC0E00152B4DB00600F06B98 = {
			isa = PBXGroup;
			children = (
				EC0E00202B4DB00600F06B98 /* SmartTrainer */,
				EC0E001F2B4DB00600F06B98 /* Products */,
			);
			sourceTree = "<group>";
		};
		EC0E001F2B4DB00600F06B98 /* Products */ = {
			isa = PBXGroup;
			children = (
				EC0E001E2B4DB00600F06B98 /* SmartTrainer.app */,
			);
			name = Products;
			sourceTree = "<group>";
		};
		EC0E00202B4DB00600F06B98 /* SmartTrainer */ = {
			isa = PBXGroup;
			children = (
				EC884E132B73DBF900F556A6 /* GoogleService-Info.plist */,
				ECAA8EA22B51C8810001FE7D /* Info.plist */,
				EC701C0B2B9E648C000BEDD8 /* Manager */,
				EC701C0A2B9E63CA000BEDD8 /* Coach */,
				EC701C092B9E63BE000BEDD8 /* Player */,
				EC96204B2B6C0F8A00AC860A /* CoreMLModels */,
				ECAA8E9F2B51B45E0001FE7D /* Services */,
				EC903F1D2B505A1F00B3AB1F /* Utilities */,
				EC0E00312B4DB0B800F06B98 /* Models */,
				EC0E00302B4DB09000F06B98 /* Extensions */,
				EC0E002F2B4DB06200F06B98 /* Core */,
				EC6AE2D02B4DEFA000F8C0D2 /* Videos */,
				EC0E00212B4DB00600F06B98 /* SmartTrainerApp.swift */,
				EC0E00412B4DC48C00F06B98 /* SmartTrainerTabView.swift */,
				EC0E00252B4DB01D00F06B98 /* Assets.xcassets */,
				EC0E00272B4DB01D00F06B98 /* Preview Content */,
			);
			path = SmartTrainer;
			sourceTree = "<group>";
		};
		EC0E00272B4DB01D00F06B98 /* Preview Content */ = {
			isa = PBXGroup;
			children = (
				EC0E00282B4DB01D00F06B98 /* Preview Assets.xcassets */,
			);
			path = "Preview Content";
			sourceTree = "<group>";
		};
		EC0E002F2B4DB06200F06B98 /* Core */ = {
			isa = PBXGroup;
			children = (
				EC3A7FD32B6A7AC10022A861 /* Attempt */,
				EC2CAFA12B5AFD890079DE11 /* Authenticate */,
				EC903F142B503F1000B3AB1F /* Player */,
				EC0E003D2B4DB8D900F06B98 /* Components */,
				EC0E003A2B4DB88C00F06B98 /* Home */,
			);
			path = Core;
			sourceTree = "<group>";
		};
		EC0E00302B4DB09000F06B98 /* Extensions */ = {
			isa = PBXGroup;
			children = (
				EC0E00322B4DB11E00F06B98 /* Color.swift */,
				EC0E00362B4DB2C100F06B98 /* PreviewProvider.swift */,
				EC903EF52B5015E300B3AB1F /* Date.swift */,
				ECF0B8092BAEF54B00B22E6E /* UIImage.swift */,
				ECF0B80B2BAEFF8300B22E6E /* View.swift */,
				ECF4D3A82BB6E72F00F44C80 /* Array.swift */,
			);
			path = Extensions;
			sourceTree = "<group>";
		};
		EC0E00312B4DB0B800F06B98 /* Models */ = {
			isa = PBXGroup;
			children = (
				EC0E00342B4DB23800F06B98 /* Technique.swift */,
				EC0E00382B4DB73200F06B98 /* Attempt.swift */,
				EC6AE2C92B4DE7F100F8C0D2 /* Notification.swift */,
				ECE43EB12B4ECEC000BDE0C7 /* Coach.swift */,
				EC903F122B5039CB00B3AB1F /* Group.swift */,
				EC8134192B59BD0000CB8723 /* Relationship.swift */,
				EC43B8FF2B5DDEF6007A55F0 /* CoachReview.swift */,
				ECEE652D2B73F13B00504A19 /* User.swift */,
				EC3BD4F12B7CC92400681FC3 /* AIReview.swift */,
				EC10D8B22B94F9AA000227B5 /* ChartPoint.swift */,
				ECF0B80D2BAF00FD00B22E6E /* Comment.swift */,
			);
			path = Models;
			sourceTree = "<group>";
		};
		EC0E003A2B4DB88C00F06B98 /* Home */ = {
			isa = PBXGroup;
			children = (
				ECBF103F2BB5B1A8008E43BB /* Notifications */,
				ECBF103C2BB5AEF5008E43BB /* HomeHeader */,
				EC0E003B2B4DB8AE00F06B98 /* HomeView.swift */,
			);
			path = Home;
			sourceTree = "<group>";
		};
		EC0E003D2B4DB8D900F06B98 /* Components */ = {
			isa = PBXGroup;
			children = (
				EC0F841C2BC6FFE600A90915 /* Buttons */,
				ECBF10392BB5A2D9008E43BB /* AsyncCachedImage */,
				EC491D2E2BB05C890089A1C9 /* Toast */,
				ECFAF2BA2B756817003F04F4 /* ImagePicker */,
				EC3A7FC52B6955F70022A861 /* Chart */,
				EC903EF72B501A2300B3AB1F /* ProfileBase */,
				ECE43EB32B4ED01E00BDE0C7 /* CirclePhoto */,
				EC4DCAAF2B4DD56900B610DC /* AttemptCard */,
				EC0E00432B4DC73D00F06B98 /* SearchBar */,
			);
			path = Components;
			sourceTree = "<group>";
		};
		EC0E00432B4DC73D00F06B98 /* SearchBar */ = {
			isa = PBXGroup;
			children = (
				EC0E00442B4DC75300F06B98 /* SearchBarView.swift */,
			);
			path = SearchBar;
			sourceTree = "<group>";
		};
		EC0F841C2BC6FFE600A90915 /* Buttons */ = {
			isa = PBXGroup;
			children = (
				EC0E003F2B4DB8FA00F06B98 /* CircleButtonView.swift */,
			);
			path = Buttons;
			sourceTree = "<group>";
		};
		EC10D8AE2B94F8C1000227B5 /* Charts */ = {
			isa = PBXGroup;
			children = (
				EC10D8B72B953D34000227B5 /* AIScoresChart */,
				EC10D8B42B9539BF000227B5 /* CoachScoresChart */,
				EC10D8AF2B94F8C9000227B5 /* ActivityChart */,
			);
			path = Charts;
			sourceTree = "<group>";
		};
		EC10D8AF2B94F8C9000227B5 /* ActivityChart */ = {
			isa = PBXGroup;
			children = (
				EC10D8B02B94F8E2000227B5 /* ActivityChartView.swift */,
			);
			path = ActivityChart;
			sourceTree = "<group>";
		};
		EC10D8B42B9539BF000227B5 /* CoachScoresChart */ = {
			isa = PBXGroup;
			children = (
				EC10D8B52B9539E2000227B5 /* CoachScoresChartView.swift */,
			);
			path = CoachScoresChart;
			sourceTree = "<group>";
		};
		EC10D8B72B953D34000227B5 /* AIScoresChart */ = {
			isa = PBXGroup;
			children = (
				EC10D8B82B953D4A000227B5 /* AIScoresChartView.swift */,
			);
			path = AIScoresChart;
			sourceTree = "<group>";
		};
		EC2CAFA12B5AFD890079DE11 /* Authenticate */ = {
			isa = PBXGroup;
			children = (
				ECEE652A2B73E67700504A19 /* Components */,
				EC2CAFA42B5AFDAB0079DE11 /* LogInView.swift */,
				EC2CAFA62B5AFFF70079DE11 /* SignUpView.swift */,
			);
			path = Authenticate;
			sourceTree = "<group>";
		};
		EC3A7FC52B6955F70022A861 /* Chart */ = {
			isa = PBXGroup;
			children = (
				EC3A7FC62B69560F0022A861 /* ChartView.swift */,
			);
			path = Chart;
			sourceTree = "<group>";
		};
		EC3A7FD32B6A7AC10022A861 /* Attempt */ = {
			isa = PBXGroup;
			children = (
				EC3A7FD42B6A7AD30022A861 /* AttemptFeedView.swift */,
				EC491D262BB034BB0089A1C9 /* CustomVideoPlayer.swift */,
				ECAA8EA82B5494CC0001FE7D /* DrawFeedback */,
				EC98B9CF2BB303860053525B /* ResourceViews */,
				EC491D292BB035120089A1C9 /* AIReviewPopup */,
				EC491D282BB034FC0089A1C9 /* CoachReviewPopup */,
				ECF0B8112BAF516400B22E6E /* CommentsPopup */,
			);
			path = Attempt;
			sourceTree = "<group>";
		};
		EC3E6D952BAAEEA30055BEDF /* APIService */ = {
			isa = PBXGroup;
			children = (
				EC3BD4EF2B7CC8ED00681FC3 /* AIReviewDataService.swift */,
				ECFAF2B82B756797003F04F4 /* ImageDataService.swift */,
				ECEE652F2B73FC2F00504A19 /* VideoDataService.swift */,
				EC43B9012B5DDF40007A55F0 /* CoachReviewDataService.swift */,
				EC2CAF9F2B5AFC300079DE11 /* NotificationDataService.swift */,
				EC81341B2B59BD7D00CB8723 /* RelationshipDataService.swift */,
				EC8134152B59AD6C00CB8723 /* UserDataService.swift */,
				ECAA8EA02B51B6C40001FE7D /* AttemptDataService.swift */,
				ECF0B80F2BAF015F00B22E6E /* CommentDataService.swift */,
				EC7D21F72BB325B900C94B81 /* TechniqueDataService.swift */,
				ECCDD3872BBC3C660058B6B3 /* GroupDataService.swift */,
			);
			path = APIService;
			sourceTree = "<group>";
		};
		EC3E6D962BAAEECA0055BEDF /* AIService */ = {
			isa = PBXGroup;
			children = (
				EC6F7FC92B769DA30077D20F /* SquatRecognizer.swift */,
				EC78863F2BB083430092BEA9 /* VideoKeypointsOverlay.swift */,
			);
			path = AIService;
			sourceTree = "<group>";
		};
		EC3E6D972BAB13810055BEDF /* SelectTechnique */ = {
			isa = PBXGroup;
			children = (
				ECE43EA32B4E09CB00BDE0C7 /* TechniqueCard */,
				ECE43EA92B4E0E9300BDE0C7 /* SelectTechniqueView.swift */,
			);
			path = SelectTechnique;
			sourceTree = "<group>";
		};
		EC3E6D982BAB138A0055BEDF /* TechniqueDetails */ = {
			isa = PBXGroup;
			children = (
				ECCDEED52B599B8600F19A1F /* VideoAutoplay */,
				ECE43EAD2B4EB81200BDE0C7 /* TechniqueDetailsView.swift */,
			);
			path = TechniqueDetails;
			sourceTree = "<group>";
		};
		EC3E6D992BAB13960055BEDF /* RecordAttempt */ = {
			isa = PBXGroup;
			children = (
				ECAA8EB62B54A6520001FE7D /* RecordAttemptView.swift */,
			);
			path = RecordAttempt;
			sourceTree = "<group>";
		};
		EC3E6D9A2BAB13A30055BEDF /* UploadAttempt */ = {
			isa = PBXGroup;
			children = (
				EC3E6D9B2BAB150F0055BEDF /* UploadAttemptView.swift */,
				ECE793102BAB26B40049F9A4 /* AttemptVisibilityView.swift */,
			);
			path = UploadAttempt;
			sourceTree = "<group>";
		};
		EC43B8EE2B5D976F007A55F0 /* CoachGroup */ = {
			isa = PBXGroup;
			children = (
				EC43B9062B5E6C4E007A55F0 /* NewGroupView.swift */,
				EC43B8F12B5D9790007A55F0 /* CoachGroupView.swift */,
				EC43B8F32B5D9EED007A55F0 /* GroupPlayerView.swift */,
				EC43B8F52B5DA1A0007A55F0 /* EditGroupMembersView.swift */,
			);
			path = CoachGroup;
			sourceTree = "<group>";
		};
		EC491D282BB034FC0089A1C9 /* CoachReviewPopup */ = {
			isa = PBXGroup;
			children = (
				EC81341D2B59C54500CB8723 /* AttemptRating */,
				EC3A7FD82B6A90F40022A861 /* CoachReviewView.swift */,
				EC6C2A1D2BCEE3D8000D9E0E /* NoCoachReviewView.swift */,
			);
			path = CoachReviewPopup;
			sourceTree = "<group>";
		};
		EC491D292BB035120089A1C9 /* AIReviewPopup */ = {
			isa = PBXGroup;
			children = (
				EC3A7FDA2B6A96AA0022A861 /* AIReviewView.swift */,
				EC3A7FDC2B6A971F0022A861 /* AIRatingReviewView.swift */,
				ECCDD3812BBAC0890058B6B3 /* NoAIReviewView.swift */,
				ECCDD3832BBAD3E00058B6B3 /* FlagAIReview.swift */,
			);
			path = AIReviewPopup;
			sourceTree = "<group>";
		};
		EC491D2E2BB05C890089A1C9 /* Toast */ = {
			isa = PBXGroup;
			children = (
				EC491D2F2BB05CB40089A1C9 /* ToastView.swift */,
			);
			path = Toast;
			sourceTree = "<group>";
		};
		EC4DCAAF2B4DD56900B610DC /* AttemptCard */ = {
			isa = PBXGroup;
			children = (
				EC4DCAB02B4DD59100B610DC /* AttemptCardView.swift */,
				EC6C2A1B2BCEDC25000D9E0E /* LoadingCardView.swift */,
			);
			path = AttemptCard;
			sourceTree = "<group>";
		};
		EC6AE2D02B4DEFA000F8C0D2 /* Videos */ = {
			isa = PBXGroup;
			children = (
				EC6C2A172BCE684E000D9E0E /* push_up.mp4 */,
				EC6C2A132BCE658C000D9E0E /* triangle_pose.mp4 */,
				ECBE8BC42B86555E00D7E808 /* pull_up.mp4 */,
				EC3BD4ED2B7CC76800681FC3 /* IMG_7215.MOV */,
				EC8134132B59A63700CB8723 /* squat_attempt.MOV */,
				EC6AE2D12B4DEFA000F8C0D2 /* back_squat.mp4 */,
			);
			path = Videos;
			sourceTree = "<group>";
		};
		EC6AE2D32B4DF5D200F8C0D2 /* PlayerProfile */ = {
			isa = PBXGroup;
			children = (
				EC6AE2D62B4DF5F200F8C0D2 /* PlayerProfileView.swift */,
				ECE43EB82B4ED49200BDE0C7 /* NewCoachPopupView.swift */,
				ECE43EB62B4ED13F00BDE0C7 /* CoachRowView.swift */,
			);
			path = PlayerProfile;
			sourceTree = "<group>";
		};
		EC701C092B9E63BE000BEDD8 /* Player */ = {
			isa = PBXGroup;
			children = (
				ECE43EA62B4E0E7700BDE0C7 /* PlayerRecord */,
				EC6AE2D32B4DF5D200F8C0D2 /* PlayerProfile */,
			);
			path = Player;
			sourceTree = "<group>";
		};
		EC701C0A2B9E63CA000BEDD8 /* Coach */ = {
			isa = PBXGroup;
			children = (
				EC903EFA2B501BBA00B3AB1F /* CoachProfile */,
				EC903EFF2B501DEB00B3AB1F /* CoachPlayers */,
				EC43B8EE2B5D976F007A55F0 /* CoachGroup */,
				ECC9F6AA2B7D3E1600936725 /* PlayerReport */,
			);
			path = Coach;
			sourceTree = "<group>";
		};
		EC701C0B2B9E648C000BEDD8 /* Manager */ = {
			isa = PBXGroup;
			children = (
				EC701C142B9E7066000BEDD8 /* ManagerCoaches */,
				EC701C0F2B9E6669000BEDD8 /* ManagerOverview */,
				EC701C0E2B9E6658000BEDD8 /* ManagerProfile */,
			);
			path = Manager;
			sourceTree = "<group>";
		};
		EC701C0E2B9E6658000BEDD8 /* ManagerProfile */ = {
			isa = PBXGroup;
			children = (
				EC701C0C2B9E64AA000BEDD8 /* ManagerProfileView.swift */,
			);
			path = ManagerProfile;
			sourceTree = "<group>";
		};
		EC701C0F2B9E6669000BEDD8 /* ManagerOverview */ = {
			isa = PBXGroup;
			children = (
				EC701C102B9E6689000BEDD8 /* ManagerOverviewView.swift */,
				EC701C122B9E6E98000BEDD8 /* ManagerActivityChart.swift */,
				ECBDBD582B9EFF5A00C518E0 /* ManagerStatCardView.swift */,
			);
			path = ManagerOverview;
			sourceTree = "<group>";
		};
		EC701C142B9E7066000BEDD8 /* ManagerCoaches */ = {
			isa = PBXGroup;
			children = (
				EC701C152B9E70AA000BEDD8 /* ManagerCoachesView.swift */,
			);
			path = ManagerCoaches;
			sourceTree = "<group>";
		};
		EC81341D2B59C54500CB8723 /* AttemptRating */ = {
			isa = PBXGroup;
			children = (
				EC81341E2B59C55600CB8723 /* AttemptRatingView.swift */,
			);
			path = AttemptRating;
			sourceTree = "<group>";
		};
		EC903EF72B501A2300B3AB1F /* ProfileBase */ = {
			isa = PBXGroup;
			children = (
				EC903EF82B501A3900B3AB1F /* ProfileBaseView.swift */,
			);
			path = ProfileBase;
			sourceTree = "<group>";
		};
		EC903EFA2B501BBA00B3AB1F /* CoachProfile */ = {
			isa = PBXGroup;
			children = (
				EC903EFD2B501BF700B3AB1F /* CoachProfileView.swift */,
			);
			path = CoachProfile;
			sourceTree = "<group>";
		};
		EC903EFF2B501DEB00B3AB1F /* CoachPlayers */ = {
			isa = PBXGroup;
			children = (
				EC903F022B501E1D00B3AB1F /* CoachPlayersView.swift */,
				EC903F0A2B5029E800B3AB1F /* CoachPlayerRequestsView.swift */,
				EC903F0E2B50309800B3AB1F /* PlayerCardView.swift */,
				EC903F102B5039B200B3AB1F /* GroupCardView.swift */,
			);
			path = CoachPlayers;
			sourceTree = "<group>";
		};
		EC903F142B503F1000B3AB1F /* Player */ = {
			isa = PBXGroup;
			children = (
				EC903F172B503F4400B3AB1F /* PlayerView.swift */,
			);
			path = Player;
			sourceTree = "<group>";
		};
		EC903F1D2B505A1F00B3AB1F /* Utilities */ = {
			isa = PBXGroup;
			children = (
				EC4106822B6683E700D9C820 /* Store.swift */,
				ECBF10372BB5868D008E43BB /* CacheManager.swift */,
				EC5B461D2BBE9B1100CD49ED /* AppRouter.swift */,
			);
			path = Utilities;
			sourceTree = "<group>";
		};
		EC96204B2B6C0F8A00AC860A /* CoreMLModels */ = {
			isa = PBXGroup;
			children = (
				EC6C2A1F2BCEEDE8000D9E0E /* SquatRangeModel.mlmodel */,
				EC6C2A192BCEB298000D9E0E /* ControlClassifier.mlmodel */,
				EC5B461B2BBE03B600CD49ED /* FeetDistance.mlmodel */,
				EC7B6B6B2BBDB39900627FAF /* KneeAlignment.mlmodel */,
				ECF4D3AC2BB9BB6F00F44C80 /* SquatOrNot.mlmodel */,
			);
			path = CoreMLModels;
			sourceTree = "<group>";
		};
		EC98B9CF2BB303860053525B /* ResourceViews */ = {
			isa = PBXGroup;
			children = (
				EC98B9D02BB303A50053525B /* VideoResourceView.swift */,
				EC98B9D22BB303B20053525B /* ImageResourceView.swift */,
			);
			path = ResourceViews;
			sourceTree = "<group>";
		};
		ECAA8E9F2B51B45E0001FE7D /* Services */ = {
			isa = PBXGroup;
			children = (
				EC3E6D962BAAEECA0055BEDF /* AIService */,
				EC3E6D952BAAEEA30055BEDF /* APIService */,
			);
			path = Services;
			sourceTree = "<group>";
		};
		ECAA8EA82B5494CC0001FE7D /* DrawFeedback */ = {
			isa = PBXGroup;
			children = (
				ECAA8EAD2B5495240001FE7D /* DrawFeedbackView.swift */,
				ECAA8EAF2B54981A0001FE7D /* ColorPickerView.swift */,
				ECCC1FC42B671772004CF111 /* VideoFrameView.swift */,
				EC7886422BB09C920092BEA9 /* ToolPickerView.swift */,
			);
			path = DrawFeedback;
			sourceTree = "<group>";
		};
		ECBF10392BB5A2D9008E43BB /* AsyncCachedImage */ = {
			isa = PBXGroup;
			children = (
				ECBF103A2BB5A2ED008E43BB /* AsyncCachedImage.swift */,
			);
			path = AsyncCachedImage;
			sourceTree = "<group>";
		};
		ECBF103C2BB5AEF5008E43BB /* HomeHeader */ = {
			isa = PBXGroup;
			children = (
				ECBF103D2BB5AF05008E43BB /* HomeHeaderView.swift */,
			);
			path = HomeHeader;
			sourceTree = "<group>";
		};
		ECBF103F2BB5B1A8008E43BB /* Notifications */ = {
			isa = PBXGroup;
			children = (
				ECBF10402BB5B1BB008E43BB /* NotificationsView.swift */,
				EC0F84212BCD9B6100A90915 /* NotificationView.swift */,
			);
			path = Notifications;
			sourceTree = "<group>";
		};
		ECC9F6AA2B7D3E1600936725 /* PlayerReport */ = {
			isa = PBXGroup;
			children = (
				ECC9F6AB2B7D3E2500936725 /* PlayerReportView.swift */,
				EC10D8AE2B94F8C1000227B5 /* Charts */,
			);
			path = PlayerReport;
			sourceTree = "<group>";
		};
		ECCDEED52B599B8600F19A1F /* VideoAutoplay */ = {
			isa = PBXGroup;
			children = (
				ECCDEED62B599B9D00F19A1F /* VideoAutoplayView.swift */,
			);
			path = VideoAutoplay;
			sourceTree = "<group>";
		};
		ECE43EA32B4E09CB00BDE0C7 /* TechniqueCard */ = {
			isa = PBXGroup;
			children = (
				ECE43EA42B4E09E200BDE0C7 /* TechniqueCardView.swift */,
			);
			path = TechniqueCard;
			sourceTree = "<group>";
		};
		ECE43EA62B4E0E7700BDE0C7 /* PlayerRecord */ = {
			isa = PBXGroup;
			children = (
				EC3E6D9A2BAB13A30055BEDF /* UploadAttempt */,
				EC3E6D992BAB13960055BEDF /* RecordAttempt */,
				EC3E6D982BAB138A0055BEDF /* TechniqueDetails */,
				EC3E6D972BAB13810055BEDF /* SelectTechnique */,
				EC5B461F2BBEAD3600CD49ED /* PlayerRecordView.swift */,
			);
			path = PlayerRecord;
			sourceTree = "<group>";
		};
		ECE43EB32B4ED01E00BDE0C7 /* CirclePhoto */ = {
			isa = PBXGroup;
			children = (
				ECE43EB42B4ED02E00BDE0C7 /* CirclePhotoView.swift */,
			);
			path = CirclePhoto;
			sourceTree = "<group>";
		};
		ECEE652A2B73E67700504A19 /* Components */ = {
			isa = PBXGroup;
			children = (
				EC32CCC42B7CFFEA00CAB9EC /* RolePickerView.swift */,
				ECEE652B2B73E69200504A19 /* AuthenticationFormField.swift */,
			);
			path = Components;
			sourceTree = "<group>";
		};
		ECF0B8112BAF516400B22E6E /* CommentsPopup */ = {
			isa = PBXGroup;
			children = (
				ECF0B8122BAF517D00B22E6E /* CommentsPopupView.swift */,
				EC491D2A2BB039AF0089A1C9 /* CommentView.swift */,
				EC491D2C2BB042340089A1C9 /* AddCommentView.swift */,
			);
			path = CommentsPopup;
			sourceTree = "<group>";
		};
		ECFAF2BA2B756817003F04F4 /* ImagePicker */ = {
			isa = PBXGroup;
			children = (
				ECFAF2BB2B756828003F04F4 /* ImagePicker.swift */,
			);
			path = ImagePicker;
			sourceTree = "<group>";
		};
/* End PBXGroup section */

/* Begin PBXNativeTarget section */
		EC0E001D2B4DB00600F06B98 /* SmartTrainer */ = {
			isa = PBXNativeTarget;
			buildConfigurationList = EC0E002C2B4DB01D00F06B98 /* Build configuration list for PBXNativeTarget "SmartTrainer" */;
			buildPhases = (
				EC0E001A2B4DB00600F06B98 /* Sources */,
				EC0E001B2B4DB00600F06B98 /* Frameworks */,
				EC0E001C2B4DB00600F06B98 /* Resources */,
			);
			buildRules = (
			);
			dependencies = (
			);
			name = SmartTrainer;
			packageProductDependencies = (
				EC18222A2B73DD3500C4B2BE /* FirebaseAnalytics */,
				EC18222C2B73DD3500C4B2BE /* FirebaseAnalyticsOnDeviceConversion */,
				EC18222E2B73DD3500C4B2BE /* FirebaseAnalyticsSwift */,
				EC1822302B73DD3500C4B2BE /* FirebaseAnalyticsWithoutAdIdSupport */,
				EC1822322B73DD3500C4B2BE /* FirebaseAppCheck */,
				EC1822342B73DD3500C4B2BE /* FirebaseAppDistribution-Beta */,
				EC1822362B73DD3500C4B2BE /* FirebaseAuth */,
				EC1822382B73DD3500C4B2BE /* FirebaseAuthCombine-Community */,
				EC18223A2B73DD3500C4B2BE /* FirebaseCrashlytics */,
				EC18223C2B73DD3500C4B2BE /* FirebaseDatabase */,
				EC18223E2B73DD3500C4B2BE /* FirebaseDatabaseSwift */,
				EC1822402B73DD3500C4B2BE /* FirebaseDynamicLinks */,
				EC1822422B73DD3500C4B2BE /* FirebaseFirestore */,
				EC1822442B73DD3500C4B2BE /* FirebaseFirestoreCombine-Community */,
				EC1822462B73DD3500C4B2BE /* FirebaseFirestoreSwift */,
				EC1822482B73DD3500C4B2BE /* FirebaseFunctions */,
				EC18224A2B73DD3500C4B2BE /* FirebaseFunctionsCombine-Community */,
				EC18224C2B73DD3500C4B2BE /* FirebaseInAppMessaging-Beta */,
				EC18224E2B73DD3500C4B2BE /* FirebaseInAppMessagingSwift-Beta */,
				EC1822502B73DD3500C4B2BE /* FirebaseInstallations */,
				EC1822522B73DD3500C4B2BE /* FirebaseMLModelDownloader */,
				EC1822542B73DD3500C4B2BE /* FirebaseMessaging */,
				EC1822562B73DD3500C4B2BE /* FirebasePerformance */,
				EC1822582B73DD3500C4B2BE /* FirebaseRemoteConfig */,
				EC18225A2B73DD3500C4B2BE /* FirebaseRemoteConfigSwift */,
				EC18225C2B73DD3500C4B2BE /* FirebaseStorage */,
				EC18225E2B73DD3500C4B2BE /* FirebaseStorageCombine-Community */,
			);
			productName = SmartTrainer;
			productReference = EC0E001E2B4DB00600F06B98 /* SmartTrainer.app */;
			productType = "com.apple.product-type.application";
		};
/* End PBXNativeTarget section */

/* Begin PBXProject section */
		EC0E00162B4DB00600F06B98 /* Project object */ = {
			isa = PBXProject;
			attributes = {
				BuildIndependentTargetsInParallel = 1;
				LastSwiftUpdateCheck = 1520;
				LastUpgradeCheck = 1500;
				TargetAttributes = {
					EC0E001D2B4DB00600F06B98 = {
						CreatedOnToolsVersion = 15.0;
					};
				};
			};
			buildConfigurationList = EC0E00192B4DB00600F06B98 /* Build configuration list for PBXProject "SmartTrainer" */;
			compatibilityVersion = "Xcode 14.0";
			developmentRegion = en;
			hasScannedForEncodings = 0;
			knownRegions = (
				en,
				Base,
			);
			mainGroup = EC0E00152B4DB00600F06B98;
			packageReferences = (
				EC1822292B73DD3500C4B2BE /* XCRemoteSwiftPackageReference "firebase-ios-sdk" */,
			);
			productRefGroup = EC0E001F2B4DB00600F06B98 /* Products */;
			projectDirPath = "";
			projectRoot = "";
			targets = (
				EC0E001D2B4DB00600F06B98 /* SmartTrainer */,
			);
		};
/* End PBXProject section */

/* Begin PBXResourcesBuildPhase section */
		EC0E001C2B4DB00600F06B98 /* Resources */ = {
			isa = PBXResourcesBuildPhase;
			buildActionMask = 2147483647;
			files = (
				EC0E00292B4DB01D00F06B98 /* Preview Assets.xcassets in Resources */,
				EC6C2A162BCE67AD000D9E0E /* triangle_pose.mp4 in Resources */,
				EC6AE2D22B4DEFA000F8C0D2 /* back_squat.mp4 in Resources */,
				EC6C2A182BCE684F000D9E0E /* push_up.mp4 in Resources */,
				EC884E142B73DBF900F556A6 /* GoogleService-Info.plist in Resources */,
				EC3BD4EE2B7CC76800681FC3 /* IMG_7215.MOV in Resources */,
				EC0E00262B4DB01D00F06B98 /* Assets.xcassets in Resources */,
				ECBE8BC52B86568200D7E808 /* pull_up.mp4 in Resources */,
				EC8134142B59A63700CB8723 /* squat_attempt.MOV in Resources */,
			);
			runOnlyForDeploymentPostprocessing = 0;
		};
/* End PBXResourcesBuildPhase section */

/* Begin PBXSourcesBuildPhase section */
		EC0E001A2B4DB00600F06B98 /* Sources */ = {
			isa = PBXSourcesBuildPhase;
			buildActionMask = 2147483647;
			files = (
				ECCDEED72B599B9D00F19A1F /* VideoAutoplayView.swift in Sources */,
				EC903F132B5039CB00B3AB1F /* Group.swift in Sources */,
				EC98B9D12BB303A50053525B /* VideoResourceView.swift in Sources */,
				EC0F84222BCD9B6100A90915 /* NotificationView.swift in Sources */,
				ECE43EB22B4ECEC000BDE0C7 /* Coach.swift in Sources */,
				EC7D21F82BB325B900C94B81 /* TechniqueDataService.swift in Sources */,
				EC903EFE2B501BF700B3AB1F /* CoachProfileView.swift in Sources */,
				EC6C2A1A2BCEB298000D9E0E /* ControlClassifier.mlmodel in Sources */,
				EC8134162B59AD6C00CB8723 /* UserDataService.swift in Sources */,
				ECBDBD592B9EFF5A00C518E0 /* ManagerStatCardView.swift in Sources */,
				EC3A7FDB2B6A96AA0022A861 /* AIReviewView.swift in Sources */,
				EC6C2A202BCEEDE8000D9E0E /* SquatRangeModel.mlmodel in Sources */,
				EC0E00352B4DB23900F06B98 /* Technique.swift in Sources */,
				ECBF103B2BB5A2ED008E43BB /* AsyncCachedImage.swift in Sources */,
				EC0E00452B4DC75300F06B98 /* SearchBarView.swift in Sources */,
				ECEE65302B73FC2F00504A19 /* VideoDataService.swift in Sources */,
				ECE43EAE2B4EB81200BDE0C7 /* TechniqueDetailsView.swift in Sources */,
				EC81341A2B59BD0000CB8723 /* Relationship.swift in Sources */,
				EC903F0B2B5029E800B3AB1F /* CoachPlayerRequestsView.swift in Sources */,
				EC7886432BB09C920092BEA9 /* ToolPickerView.swift in Sources */,
				ECE43EA52B4E09E200BDE0C7 /* TechniqueCardView.swift in Sources */,
				EC43B8F62B5DA1A0007A55F0 /* EditGroupMembersView.swift in Sources */,
				EC903EF92B501A3900B3AB1F /* ProfileBaseView.swift in Sources */,
				EC903F0F2B50309800B3AB1F /* PlayerCardView.swift in Sources */,
				EC43B9072B5E6C4E007A55F0 /* NewGroupView.swift in Sources */,
				EC0E003C2B4DB8AE00F06B98 /* HomeView.swift in Sources */,
				ECFAF2BC2B756828003F04F4 /* ImagePicker.swift in Sources */,
				EC5B46202BBEAD3600CD49ED /* PlayerRecordView.swift in Sources */,
				ECE43EB72B4ED13F00BDE0C7 /* CoachRowView.swift in Sources */,
				EC6AE2D72B4DF5F200F8C0D2 /* PlayerProfileView.swift in Sources */,
				EC4106832B6683E800D9C820 /* Store.swift in Sources */,
				EC491D302BB05CB40089A1C9 /* ToastView.swift in Sources */,
				ECC9F6AC2B7D3E2500936725 /* PlayerReportView.swift in Sources */,
				EC32CCC52B7CFFEA00CAB9EC /* RolePickerView.swift in Sources */,
				EC10D8B32B94F9AA000227B5 /* ChartPoint.swift in Sources */,
				EC5B461E2BBE9B1100CD49ED /* AppRouter.swift in Sources */,
				EC701C132B9E6E98000BEDD8 /* ManagerActivityChart.swift in Sources */,
				EC7B6B6C2BBDB39900627FAF /* KneeAlignment.mlmodel in Sources */,
				ECFAF2B92B756797003F04F4 /* ImageDataService.swift in Sources */,
				ECF0B80E2BAF00FD00B22E6E /* Comment.swift in Sources */,
				EC701C0D2B9E64AA000BEDD8 /* ManagerProfileView.swift in Sources */,
				ECE43EB52B4ED02E00BDE0C7 /* CirclePhotoView.swift in Sources */,
				EC491D2B2BB039AF0089A1C9 /* CommentView.swift in Sources */,
				ECF0B8132BAF517D00B22E6E /* CommentsPopupView.swift in Sources */,
				EC903F112B5039B200B3AB1F /* GroupCardView.swift in Sources */,
				EC10D8B12B94F8E2000227B5 /* ActivityChartView.swift in Sources */,
				ECEE652C2B73E69200504A19 /* AuthenticationFormField.swift in Sources */,
				EC3A7FD92B6A90F40022A861 /* CoachReviewView.swift in Sources */,
				EC7886402BB083430092BEA9 /* VideoKeypointsOverlay.swift in Sources */,
				EC10D8B92B953D4A000227B5 /* AIScoresChartView.swift in Sources */,
				EC4DCAB12B4DD59100B610DC /* AttemptCardView.swift in Sources */,
				ECCDD3822BBAC0890058B6B3 /* NoAIReviewView.swift in Sources */,
				EC3BD4F22B7CC92400681FC3 /* AIReview.swift in Sources */,
				EC0E00422B4DC48C00F06B98 /* SmartTrainerTabView.swift in Sources */,
				EC98B9D32BB303B20053525B /* ImageResourceView.swift in Sources */,
				ECBF10382BB5868D008E43BB /* CacheManager.swift in Sources */,
				EC3A7FC72B69560F0022A861 /* ChartView.swift in Sources */,
				EC903F032B501E1D00B3AB1F /* CoachPlayersView.swift in Sources */,
				EC903F182B503F4400B3AB1F /* PlayerView.swift in Sources */,
				ECCDD3882BBC3C660058B6B3 /* GroupDataService.swift in Sources */,
				EC0E00402B4DB8FA00F06B98 /* CircleButtonView.swift in Sources */,
				EC43B8F42B5D9EED007A55F0 /* GroupPlayerView.swift in Sources */,
				EC3A7FDD2B6A971F0022A861 /* AIRatingReviewView.swift in Sources */,
				ECE43EAA2B4E0E9300BDE0C7 /* SelectTechniqueView.swift in Sources */,
				EC0E00222B4DB00600F06B98 /* SmartTrainerApp.swift in Sources */,
				ECBF103E2BB5AF05008E43BB /* HomeHeaderView.swift in Sources */,
				EC2CAFA72B5AFFF70079DE11 /* SignUpView.swift in Sources */,
				EC81341F2B59C55600CB8723 /* AttemptRatingView.swift in Sources */,
				EC2CAFA02B5AFC300079DE11 /* NotificationDataService.swift in Sources */,
				EC701C112B9E6689000BEDD8 /* ManagerOverviewView.swift in Sources */,
				EC491D272BB034BB0089A1C9 /* CustomVideoPlayer.swift in Sources */,
				ECCDD3842BBAD3E00058B6B3 /* FlagAIReview.swift in Sources */,
				ECF0B80C2BAEFF8300B22E6E /* View.swift in Sources */,
				EC43B9022B5DDF40007A55F0 /* CoachReviewDataService.swift in Sources */,
				EC10D8B62B9539E2000227B5 /* CoachScoresChartView.swift in Sources */,
				EC0E00392B4DB73200F06B98 /* Attempt.swift in Sources */,
				ECE793112BAB26B40049F9A4 /* AttemptVisibilityView.swift in Sources */,
				ECF4D3A92BB6E72F00F44C80 /* Array.swift in Sources */,
				EC701C162B9E70AA000BEDD8 /* ManagerCoachesView.swift in Sources */,
				EC2CAFA52B5AFDAB0079DE11 /* LogInView.swift in Sources */,
				EC6C2A1E2BCEE3D8000D9E0E /* NoCoachReviewView.swift in Sources */,
				EC6AE2CA2B4DE7F100F8C0D2 /* Notification.swift in Sources */,
				EC81341C2B59BD7D00CB8723 /* RelationshipDataService.swift in Sources */,
				ECAA8EAE2B5495240001FE7D /* DrawFeedbackView.swift in Sources */,
				ECF0B8102BAF015F00B22E6E /* CommentDataService.swift in Sources */,
				EC491D2D2BB042340089A1C9 /* AddCommentView.swift in Sources */,
				ECCC1FC52B671772004CF111 /* VideoFrameView.swift in Sources */,
				ECF4D3AD2BB9BB6F00F44C80 /* SquatOrNot.mlmodel in Sources */,
				EC43B8F22B5D9790007A55F0 /* CoachGroupView.swift in Sources */,
				EC43B9002B5DDEF6007A55F0 /* CoachReview.swift in Sources */,
				ECF0B80A2BAEF54B00B22E6E /* UIImage.swift in Sources */,
				EC903EF62B5015E300B3AB1F /* Date.swift in Sources */,
				EC3E6D9C2BAB150F0055BEDF /* UploadAttemptView.swift in Sources */,
				EC0E00332B4DB11E00F06B98 /* Color.swift in Sources */,
				EC6C2A1C2BCEDC25000D9E0E /* LoadingCardView.swift in Sources */,
				ECAA8EA12B51B6C40001FE7D /* AttemptDataService.swift in Sources */,
				ECE43EB92B4ED49200BDE0C7 /* NewCoachPopupView.swift in Sources */,
				EC5B461C2BBE03B600CD49ED /* FeetDistance.mlmodel in Sources */,
				EC0E00372B4DB2C100F06B98 /* PreviewProvider.swift in Sources */,
				EC3BD4F02B7CC8ED00681FC3 /* AIReviewDataService.swift in Sources */,
				EC3A7FD52B6A7AD30022A861 /* AttemptFeedView.swift in Sources */,
				ECBF10412BB5B1BB008E43BB /* NotificationsView.swift in Sources */,
				ECAA8EB02B54981A0001FE7D /* ColorPickerView.swift in Sources */,
				ECAA8EB72B54A6520001FE7D /* RecordAttemptView.swift in Sources */,
				ECEE652E2B73F13B00504A19 /* User.swift in Sources */,
				EC6F7FCA2B769DA30077D20F /* SquatRecognizer.swift in Sources */,
			);
			runOnlyForDeploymentPostprocessing = 0;
		};
/* End PBXSourcesBuildPhase section */

/* Begin XCBuildConfiguration section */
		EC0E002A2B4DB01D00F06B98 /* Debug */ = {
			isa = XCBuildConfiguration;
			buildSettings = {
				ALWAYS_SEARCH_USER_PATHS = NO;
				ASSETCATALOG_COMPILER_GENERATE_SWIFT_ASSET_SYMBOL_EXTENSIONS = YES;
				CLANG_ANALYZER_NONNULL = YES;
				CLANG_ANALYZER_NUMBER_OBJECT_CONVERSION = YES_AGGRESSIVE;
				CLANG_CXX_LANGUAGE_STANDARD = "gnu++20";
				CLANG_ENABLE_MODULES = YES;
				CLANG_ENABLE_OBJC_ARC = YES;
				CLANG_ENABLE_OBJC_WEAK = YES;
				CLANG_WARN_BLOCK_CAPTURE_AUTORELEASING = YES;
				CLANG_WARN_BOOL_CONVERSION = YES;
				CLANG_WARN_COMMA = YES;
				CLANG_WARN_CONSTANT_CONVERSION = YES;
				CLANG_WARN_DEPRECATED_OBJC_IMPLEMENTATIONS = YES;
				CLANG_WARN_DIRECT_OBJC_ISA_USAGE = YES_ERROR;
				CLANG_WARN_DOCUMENTATION_COMMENTS = YES;
				CLANG_WARN_EMPTY_BODY = YES;
				CLANG_WARN_ENUM_CONVERSION = YES;
				CLANG_WARN_INFINITE_RECURSION = YES;
				CLANG_WARN_INT_CONVERSION = YES;
				CLANG_WARN_NON_LITERAL_NULL_CONVERSION = YES;
				CLANG_WARN_OBJC_IMPLICIT_RETAIN_SELF = YES;
				CLANG_WARN_OBJC_LITERAL_CONVERSION = YES;
				CLANG_WARN_OBJC_ROOT_CLASS = YES_ERROR;
				CLANG_WARN_QUOTED_INCLUDE_IN_FRAMEWORK_HEADER = YES;
				CLANG_WARN_RANGE_LOOP_ANALYSIS = YES;
				CLANG_WARN_STRICT_PROTOTYPES = YES;
				CLANG_WARN_SUSPICIOUS_MOVE = YES;
				CLANG_WARN_UNGUARDED_AVAILABILITY = YES_AGGRESSIVE;
				CLANG_WARN_UNREACHABLE_CODE = YES;
				CLANG_WARN__DUPLICATE_METHOD_MATCH = YES;
				COPY_PHASE_STRIP = NO;
				DEBUG_INFORMATION_FORMAT = dwarf;
				ENABLE_STRICT_OBJC_MSGSEND = YES;
				ENABLE_TESTABILITY = YES;
				ENABLE_USER_SCRIPT_SANDBOXING = YES;
				GCC_C_LANGUAGE_STANDARD = gnu17;
				GCC_DYNAMIC_NO_PIC = NO;
				GCC_NO_COMMON_BLOCKS = YES;
				GCC_OPTIMIZATION_LEVEL = 0;
				GCC_PREPROCESSOR_DEFINITIONS = (
					"DEBUG=1",
					"$(inherited)",
				);
				GCC_WARN_64_TO_32_BIT_CONVERSION = YES;
				GCC_WARN_ABOUT_RETURN_TYPE = YES_ERROR;
				GCC_WARN_UNDECLARED_SELECTOR = YES;
				GCC_WARN_UNINITIALIZED_AUTOS = YES_AGGRESSIVE;
				GCC_WARN_UNUSED_FUNCTION = YES;
				GCC_WARN_UNUSED_VARIABLE = YES;
				IPHONEOS_DEPLOYMENT_TARGET = 17.0;
				LOCALIZATION_PREFERS_STRING_CATALOGS = YES;
				MTL_ENABLE_DEBUG_INFO = INCLUDE_SOURCE;
				MTL_FAST_MATH = YES;
				ONLY_ACTIVE_ARCH = YES;
				SDKROOT = iphoneos;
				SWIFT_ACTIVE_COMPILATION_CONDITIONS = "DEBUG $(inherited)";
				SWIFT_OPTIMIZATION_LEVEL = "-Onone";
			};
			name = Debug;
		};
		EC0E002B2B4DB01D00F06B98 /* Release */ = {
			isa = XCBuildConfiguration;
			buildSettings = {
				ALWAYS_SEARCH_USER_PATHS = NO;
				ASSETCATALOG_COMPILER_GENERATE_SWIFT_ASSET_SYMBOL_EXTENSIONS = YES;
				CLANG_ANALYZER_NONNULL = YES;
				CLANG_ANALYZER_NUMBER_OBJECT_CONVERSION = YES_AGGRESSIVE;
				CLANG_CXX_LANGUAGE_STANDARD = "gnu++20";
				CLANG_ENABLE_MODULES = YES;
				CLANG_ENABLE_OBJC_ARC = YES;
				CLANG_ENABLE_OBJC_WEAK = YES;
				CLANG_WARN_BLOCK_CAPTURE_AUTORELEASING = YES;
				CLANG_WARN_BOOL_CONVERSION = YES;
				CLANG_WARN_COMMA = YES;
				CLANG_WARN_CONSTANT_CONVERSION = YES;
				CLANG_WARN_DEPRECATED_OBJC_IMPLEMENTATIONS = YES;
				CLANG_WARN_DIRECT_OBJC_ISA_USAGE = YES_ERROR;
				CLANG_WARN_DOCUMENTATION_COMMENTS = YES;
				CLANG_WARN_EMPTY_BODY = YES;
				CLANG_WARN_ENUM_CONVERSION = YES;
				CLANG_WARN_INFINITE_RECURSION = YES;
				CLANG_WARN_INT_CONVERSION = YES;
				CLANG_WARN_NON_LITERAL_NULL_CONVERSION = YES;
				CLANG_WARN_OBJC_IMPLICIT_RETAIN_SELF = YES;
				CLANG_WARN_OBJC_LITERAL_CONVERSION = YES;
				CLANG_WARN_OBJC_ROOT_CLASS = YES_ERROR;
				CLANG_WARN_QUOTED_INCLUDE_IN_FRAMEWORK_HEADER = YES;
				CLANG_WARN_RANGE_LOOP_ANALYSIS = YES;
				CLANG_WARN_STRICT_PROTOTYPES = YES;
				CLANG_WARN_SUSPICIOUS_MOVE = YES;
				CLANG_WARN_UNGUARDED_AVAILABILITY = YES_AGGRESSIVE;
				CLANG_WARN_UNREACHABLE_CODE = YES;
				CLANG_WARN__DUPLICATE_METHOD_MATCH = YES;
				COPY_PHASE_STRIP = NO;
				DEBUG_INFORMATION_FORMAT = "dwarf-with-dsym";
				ENABLE_NS_ASSERTIONS = NO;
				ENABLE_STRICT_OBJC_MSGSEND = YES;
				ENABLE_USER_SCRIPT_SANDBOXING = YES;
				GCC_C_LANGUAGE_STANDARD = gnu17;
				GCC_NO_COMMON_BLOCKS = YES;
				GCC_WARN_64_TO_32_BIT_CONVERSION = YES;
				GCC_WARN_ABOUT_RETURN_TYPE = YES_ERROR;
				GCC_WARN_UNDECLARED_SELECTOR = YES;
				GCC_WARN_UNINITIALIZED_AUTOS = YES_AGGRESSIVE;
				GCC_WARN_UNUSED_FUNCTION = YES;
				GCC_WARN_UNUSED_VARIABLE = YES;
				IPHONEOS_DEPLOYMENT_TARGET = 17.0;
				LOCALIZATION_PREFERS_STRING_CATALOGS = YES;
				MTL_ENABLE_DEBUG_INFO = NO;
				MTL_FAST_MATH = YES;
				SDKROOT = iphoneos;
				SWIFT_COMPILATION_MODE = wholemodule;
				VALIDATE_PRODUCT = YES;
			};
			name = Release;
		};
		EC0E002D2B4DB01D00F06B98 /* Debug */ = {
			isa = XCBuildConfiguration;
			buildSettings = {
				ASSETCATALOG_COMPILER_APPICON_NAME = AppIcon;
				ASSETCATALOG_COMPILER_GLOBAL_ACCENT_COLOR_NAME = AccentColor;
				CODE_SIGN_IDENTITY = "Apple Development";
				CODE_SIGN_STYLE = Automatic;
				CURRENT_PROJECT_VERSION = 1;
				DEVELOPMENT_ASSET_PATHS = "\"SmartTrainer/Preview Content\"";
				DEVELOPMENT_TEAM = QR9J2FWA6N;
				ENABLE_PREVIEWS = YES;
				ENABLE_USER_SCRIPT_SANDBOXING = NO;
				GENERATE_INFOPLIST_FILE = YES;
				INFOPLIST_FILE = SmartTrainer/Info.plist;
				INFOPLIST_KEY_LSApplicationCategoryType = "";
				INFOPLIST_KEY_NSCameraUsageDescription = "Record Video Attempt";
				INFOPLIST_KEY_NSMicrophoneUsageDescription = "Record Video Attempt";
				INFOPLIST_KEY_NSPhotoLibraryAddUsageDescription = "Save videos";
				INFOPLIST_KEY_UIApplicationSceneManifest_Generation = YES;
				INFOPLIST_KEY_UIApplicationSupportsIndirectInputEvents = YES;
				INFOPLIST_KEY_UISupportedInterfaceOrientations = UIInterfaceOrientationPortrait;
				LD_RUNPATH_SEARCH_PATHS = (
					"$(inherited)",
					"@executable_path/Frameworks",
				);
				MARKETING_VERSION = 1.0;
				PRODUCT_BUNDLE_IDENTIFIER = com.jackomeara.SmartTrainer;
				PRODUCT_NAME = "$(TARGET_NAME)";
				PROVISIONING_PROFILE_SPECIFIER = "";
				SWIFT_EMIT_LOC_STRINGS = YES;
				SWIFT_VERSION = 5.0;
				TARGETED_DEVICE_FAMILY = "1,2";
			};
			name = Debug;
		};
		EC0E002E2B4DB01D00F06B98 /* Release */ = {
			isa = XCBuildConfiguration;
			buildSettings = {
				ASSETCATALOG_COMPILER_APPICON_NAME = AppIcon;
				ASSETCATALOG_COMPILER_GLOBAL_ACCENT_COLOR_NAME = AccentColor;
				CODE_SIGN_IDENTITY = "Apple Development";
				CODE_SIGN_STYLE = Automatic;
				CURRENT_PROJECT_VERSION = 1;
				DEVELOPMENT_ASSET_PATHS = "\"SmartTrainer/Preview Content\"";
				DEVELOPMENT_TEAM = QR9J2FWA6N;
				ENABLE_PREVIEWS = YES;
				ENABLE_USER_SCRIPT_SANDBOXING = NO;
				GENERATE_INFOPLIST_FILE = YES;
				INFOPLIST_FILE = SmartTrainer/Info.plist;
				INFOPLIST_KEY_LSApplicationCategoryType = "";
				INFOPLIST_KEY_NSCameraUsageDescription = "Record Video Attempt";
				INFOPLIST_KEY_NSMicrophoneUsageDescription = "Record Video Attempt";
				INFOPLIST_KEY_NSPhotoLibraryAddUsageDescription = "Save videos";
				INFOPLIST_KEY_UIApplicationSceneManifest_Generation = YES;
				INFOPLIST_KEY_UIApplicationSupportsIndirectInputEvents = YES;
				INFOPLIST_KEY_UISupportedInterfaceOrientations = UIInterfaceOrientationPortrait;
				LD_RUNPATH_SEARCH_PATHS = (
					"$(inherited)",
					"@executable_path/Frameworks",
				);
				MARKETING_VERSION = 1.0;
				PRODUCT_BUNDLE_IDENTIFIER = com.jackomeara.SmartTrainer;
				PRODUCT_NAME = "$(TARGET_NAME)";
				PROVISIONING_PROFILE_SPECIFIER = "";
				SWIFT_EMIT_LOC_STRINGS = YES;
				SWIFT_VERSION = 5.0;
				TARGETED_DEVICE_FAMILY = "1,2";
			};
			name = Release;
		};
/* End XCBuildConfiguration section */

/* Begin XCConfigurationList section */
		EC0E00192B4DB00600F06B98 /* Build configuration list for PBXProject "SmartTrainer" */ = {
			isa = XCConfigurationList;
			buildConfigurations = (
				EC0E002A2B4DB01D00F06B98 /* Debug */,
				EC0E002B2B4DB01D00F06B98 /* Release */,
			);
			defaultConfigurationIsVisible = 0;
			defaultConfigurationName = Release;
		};
		EC0E002C2B4DB01D00F06B98 /* Build configuration list for PBXNativeTarget "SmartTrainer" */ = {
			isa = XCConfigurationList;
			buildConfigurations = (
				EC0E002D2B4DB01D00F06B98 /* Debug */,
				EC0E002E2B4DB01D00F06B98 /* Release */,
			);
			defaultConfigurationIsVisible = 0;
			defaultConfigurationName = Release;
		};
/* End XCConfigurationList section */

/* Begin XCRemoteSwiftPackageReference section */
		EC1822292B73DD3500C4B2BE /* XCRemoteSwiftPackageReference "firebase-ios-sdk" */ = {
			isa = XCRemoteSwiftPackageReference;
			repositoryURL = "https://github.com/firebase/firebase-ios-sdk";
			requirement = {
				kind = upToNextMajorVersion;
				minimumVersion = 10.21.0;
			};
		};
/* End XCRemoteSwiftPackageReference section */

/* Begin XCSwiftPackageProductDependency section */
		EC18222A2B73DD3500C4B2BE /* FirebaseAnalytics */ = {
			isa = XCSwiftPackageProductDependency;
			package = EC1822292B73DD3500C4B2BE /* XCRemoteSwiftPackageReference "firebase-ios-sdk" */;
			productName = FirebaseAnalytics;
		};
		EC18222C2B73DD3500C4B2BE /* FirebaseAnalyticsOnDeviceConversion */ = {
			isa = XCSwiftPackageProductDependency;
			package = EC1822292B73DD3500C4B2BE /* XCRemoteSwiftPackageReference "firebase-ios-sdk" */;
			productName = FirebaseAnalyticsOnDeviceConversion;
		};
		EC18222E2B73DD3500C4B2BE /* FirebaseAnalyticsSwift */ = {
			isa = XCSwiftPackageProductDependency;
			package = EC1822292B73DD3500C4B2BE /* XCRemoteSwiftPackageReference "firebase-ios-sdk" */;
			productName = FirebaseAnalyticsSwift;
		};
		EC1822302B73DD3500C4B2BE /* FirebaseAnalyticsWithoutAdIdSupport */ = {
			isa = XCSwiftPackageProductDependency;
			package = EC1822292B73DD3500C4B2BE /* XCRemoteSwiftPackageReference "firebase-ios-sdk" */;
			productName = FirebaseAnalyticsWithoutAdIdSupport;
		};
		EC1822322B73DD3500C4B2BE /* FirebaseAppCheck */ = {
			isa = XCSwiftPackageProductDependency;
			package = EC1822292B73DD3500C4B2BE /* XCRemoteSwiftPackageReference "firebase-ios-sdk" */;
			productName = FirebaseAppCheck;
		};
		EC1822342B73DD3500C4B2BE /* FirebaseAppDistribution-Beta */ = {
			isa = XCSwiftPackageProductDependency;
			package = EC1822292B73DD3500C4B2BE /* XCRemoteSwiftPackageReference "firebase-ios-sdk" */;
			productName = "FirebaseAppDistribution-Beta";
		};
		EC1822362B73DD3500C4B2BE /* FirebaseAuth */ = {
			isa = XCSwiftPackageProductDependency;
			package = EC1822292B73DD3500C4B2BE /* XCRemoteSwiftPackageReference "firebase-ios-sdk" */;
			productName = FirebaseAuth;
		};
		EC1822382B73DD3500C4B2BE /* FirebaseAuthCombine-Community */ = {
			isa = XCSwiftPackageProductDependency;
			package = EC1822292B73DD3500C4B2BE /* XCRemoteSwiftPackageReference "firebase-ios-sdk" */;
			productName = "FirebaseAuthCombine-Community";
		};
		EC18223A2B73DD3500C4B2BE /* FirebaseCrashlytics */ = {
			isa = XCSwiftPackageProductDependency;
			package = EC1822292B73DD3500C4B2BE /* XCRemoteSwiftPackageReference "firebase-ios-sdk" */;
			productName = FirebaseCrashlytics;
		};
		EC18223C2B73DD3500C4B2BE /* FirebaseDatabase */ = {
			isa = XCSwiftPackageProductDependency;
			package = EC1822292B73DD3500C4B2BE /* XCRemoteSwiftPackageReference "firebase-ios-sdk" */;
			productName = FirebaseDatabase;
		};
		EC18223E2B73DD3500C4B2BE /* FirebaseDatabaseSwift */ = {
			isa = XCSwiftPackageProductDependency;
			package = EC1822292B73DD3500C4B2BE /* XCRemoteSwiftPackageReference "firebase-ios-sdk" */;
			productName = FirebaseDatabaseSwift;
		};
		EC1822402B73DD3500C4B2BE /* FirebaseDynamicLinks */ = {
			isa = XCSwiftPackageProductDependency;
			package = EC1822292B73DD3500C4B2BE /* XCRemoteSwiftPackageReference "firebase-ios-sdk" */;
			productName = FirebaseDynamicLinks;
		};
		EC1822422B73DD3500C4B2BE /* FirebaseFirestore */ = {
			isa = XCSwiftPackageProductDependency;
			package = EC1822292B73DD3500C4B2BE /* XCRemoteSwiftPackageReference "firebase-ios-sdk" */;
			productName = FirebaseFirestore;
		};
		EC1822442B73DD3500C4B2BE /* FirebaseFirestoreCombine-Community */ = {
			isa = XCSwiftPackageProductDependency;
			package = EC1822292B73DD3500C4B2BE /* XCRemoteSwiftPackageReference "firebase-ios-sdk" */;
			productName = "FirebaseFirestoreCombine-Community";
		};
		EC1822462B73DD3500C4B2BE /* FirebaseFirestoreSwift */ = {
			isa = XCSwiftPackageProductDependency;
			package = EC1822292B73DD3500C4B2BE /* XCRemoteSwiftPackageReference "firebase-ios-sdk" */;
			productName = FirebaseFirestoreSwift;
		};
		EC1822482B73DD3500C4B2BE /* FirebaseFunctions */ = {
			isa = XCSwiftPackageProductDependency;
			package = EC1822292B73DD3500C4B2BE /* XCRemoteSwiftPackageReference "firebase-ios-sdk" */;
			productName = FirebaseFunctions;
		};
		EC18224A2B73DD3500C4B2BE /* FirebaseFunctionsCombine-Community */ = {
			isa = XCSwiftPackageProductDependency;
			package = EC1822292B73DD3500C4B2BE /* XCRemoteSwiftPackageReference "firebase-ios-sdk" */;
			productName = "FirebaseFunctionsCombine-Community";
		};
		EC18224C2B73DD3500C4B2BE /* FirebaseInAppMessaging-Beta */ = {
			isa = XCSwiftPackageProductDependency;
			package = EC1822292B73DD3500C4B2BE /* XCRemoteSwiftPackageReference "firebase-ios-sdk" */;
			productName = "FirebaseInAppMessaging-Beta";
		};
		EC18224E2B73DD3500C4B2BE /* FirebaseInAppMessagingSwift-Beta */ = {
			isa = XCSwiftPackageProductDependency;
			package = EC1822292B73DD3500C4B2BE /* XCRemoteSwiftPackageReference "firebase-ios-sdk" */;
			productName = "FirebaseInAppMessagingSwift-Beta";
		};
		EC1822502B73DD3500C4B2BE /* FirebaseInstallations */ = {
			isa = XCSwiftPackageProductDependency;
			package = EC1822292B73DD3500C4B2BE /* XCRemoteSwiftPackageReference "firebase-ios-sdk" */;
			productName = FirebaseInstallations;
		};
		EC1822522B73DD3500C4B2BE /* FirebaseMLModelDownloader */ = {
			isa = XCSwiftPackageProductDependency;
			package = EC1822292B73DD3500C4B2BE /* XCRemoteSwiftPackageReference "firebase-ios-sdk" */;
			productName = FirebaseMLModelDownloader;
		};
		EC1822542B73DD3500C4B2BE /* FirebaseMessaging */ = {
			isa = XCSwiftPackageProductDependency;
			package = EC1822292B73DD3500C4B2BE /* XCRemoteSwiftPackageReference "firebase-ios-sdk" */;
			productName = FirebaseMessaging;
		};
		EC1822562B73DD3500C4B2BE /* FirebasePerformance */ = {
			isa = XCSwiftPackageProductDependency;
			package = EC1822292B73DD3500C4B2BE /* XCRemoteSwiftPackageReference "firebase-ios-sdk" */;
			productName = FirebasePerformance;
		};
		EC1822582B73DD3500C4B2BE /* FirebaseRemoteConfig */ = {
			isa = XCSwiftPackageProductDependency;
			package = EC1822292B73DD3500C4B2BE /* XCRemoteSwiftPackageReference "firebase-ios-sdk" */;
			productName = FirebaseRemoteConfig;
		};
		EC18225A2B73DD3500C4B2BE /* FirebaseRemoteConfigSwift */ = {
			isa = XCSwiftPackageProductDependency;
			package = EC1822292B73DD3500C4B2BE /* XCRemoteSwiftPackageReference "firebase-ios-sdk" */;
			productName = FirebaseRemoteConfigSwift;
		};
		EC18225C2B73DD3500C4B2BE /* FirebaseStorage */ = {
			isa = XCSwiftPackageProductDependency;
			package = EC1822292B73DD3500C4B2BE /* XCRemoteSwiftPackageReference "firebase-ios-sdk" */;
			productName = FirebaseStorage;
		};
		EC18225E2B73DD3500C4B2BE /* FirebaseStorageCombine-Community */ = {
			isa = XCSwiftPackageProductDependency;
			package = EC1822292B73DD3500C4B2BE /* XCRemoteSwiftPackageReference "firebase-ios-sdk" */;
			productName = "FirebaseStorageCombine-Community";
		};
/* End XCSwiftPackageProductDependency section */
	};
	rootObject = EC0E00162B4DB00600F06B98 /* Project object */;
}
