// !$*UTF8*$!
{
	archiveVersion = 1;
	classes = {
	};
	objectVersion = 56;
	objects = {

/* Begin PBXBuildFile section */
		EC0E00222B4DB00600F06B98 /* SmartTrainerApp.swift in Sources */ = {isa = PBXBuildFile; fileRef = EC0E00212B4DB00600F06B98 /* SmartTrainerApp.swift */; };
		EC0E00262B4DB01D00F06B98 /* Assets.xcassets in Resources */ = {isa = PBXBuildFile; fileRef = EC0E00252B4DB01D00F06B98 /* Assets.xcassets */; };
		EC0E00292B4DB01D00F06B98 /* Preview Assets.xcassets in Resources */ = {isa = PBXBuildFile; fileRef = EC0E00282B4DB01D00F06B98 /* Preview Assets.xcassets */; };
		EC0E00332B4DB11E00F06B98 /* Color.swift in Sources */ = {isa = PBXBuildFile; fileRef = EC0E00322B4DB11E00F06B98 /* Color.swift */; };
		EC0E00352B4DB23900F06B98 /* Technique.swift in Sources */ = {isa = PBXBuildFile; fileRef = EC0E00342B4DB23800F06B98 /* Technique.swift */; };
		EC0E00372B4DB2C100F06B98 /* PreviewProvider.swift in Sources */ = {isa = PBXBuildFile; fileRef = EC0E00362B4DB2C100F06B98 /* PreviewProvider.swift */; };
		EC0E00392B4DB73200F06B98 /* Attempt.swift in Sources */ = {isa = PBXBuildFile; fileRef = EC0E00382B4DB73200F06B98 /* Attempt.swift */; };
		EC0E003C2B4DB8AE00F06B98 /* HomeView.swift in Sources */ = {isa = PBXBuildFile; fileRef = EC0E003B2B4DB8AE00F06B98 /* HomeView.swift */; };
		EC0E00402B4DB8FA00F06B98 /* CircleButtonView.swift in Sources */ = {isa = PBXBuildFile; fileRef = EC0E003F2B4DB8FA00F06B98 /* CircleButtonView.swift */; };
		EC0E00422B4DC48C00F06B98 /* SmartTrainerTabView.swift in Sources */ = {isa = PBXBuildFile; fileRef = EC0E00412B4DC48C00F06B98 /* SmartTrainerTabView.swift */; };
		EC0E00452B4DC75300F06B98 /* SearchBarView.swift in Sources */ = {isa = PBXBuildFile; fileRef = EC0E00442B4DC75300F06B98 /* SearchBarView.swift */; };
		EC2CAF9E2B5AFA5E0079DE11 /* GroupDataService.swift in Sources */ = {isa = PBXBuildFile; fileRef = EC2CAF9D2B5AFA5E0079DE11 /* GroupDataService.swift */; };
		EC2CAFA02B5AFC300079DE11 /* NotificationDataService.swift in Sources */ = {isa = PBXBuildFile; fileRef = EC2CAF9F2B5AFC300079DE11 /* NotificationDataService.swift */; };
		EC2CAFA52B5AFDAB0079DE11 /* LogInView.swift in Sources */ = {isa = PBXBuildFile; fileRef = EC2CAFA42B5AFDAB0079DE11 /* LogInView.swift */; };
		EC2CAFA72B5AFFF70079DE11 /* SignUpView.swift in Sources */ = {isa = PBXBuildFile; fileRef = EC2CAFA62B5AFFF70079DE11 /* SignUpView.swift */; };
		EC4106832B6683E800D9C820 /* Store.swift in Sources */ = {isa = PBXBuildFile; fileRef = EC4106822B6683E700D9C820 /* Store.swift */; };
		EC43B8F22B5D9790007A55F0 /* CoachGroupView.swift in Sources */ = {isa = PBXBuildFile; fileRef = EC43B8F12B5D9790007A55F0 /* CoachGroupView.swift */; };
		EC43B8F42B5D9EED007A55F0 /* GroupPlayerView.swift in Sources */ = {isa = PBXBuildFile; fileRef = EC43B8F32B5D9EED007A55F0 /* GroupPlayerView.swift */; };
		EC43B8F62B5DA1A0007A55F0 /* EditGroupMembersView.swift in Sources */ = {isa = PBXBuildFile; fileRef = EC43B8F52B5DA1A0007A55F0 /* EditGroupMembersView.swift */; };
		EC43B8FE2B5DD9B9007A55F0 /* VideoPlayerView.swift in Sources */ = {isa = PBXBuildFile; fileRef = EC43B8FD2B5DD9B9007A55F0 /* VideoPlayerView.swift */; };
		EC43B9002B5DDEF6007A55F0 /* CoachReview.swift in Sources */ = {isa = PBXBuildFile; fileRef = EC43B8FF2B5DDEF6007A55F0 /* CoachReview.swift */; };
		EC43B9022B5DDF40007A55F0 /* CoachReviewDataService.swift in Sources */ = {isa = PBXBuildFile; fileRef = EC43B9012B5DDF40007A55F0 /* CoachReviewDataService.swift */; };
		EC43B9052B5DE0A1007A55F0 /* StarReviewView.swift in Sources */ = {isa = PBXBuildFile; fileRef = EC43B9042B5DE0A1007A55F0 /* StarReviewView.swift */; };
		EC43B9072B5E6C4E007A55F0 /* NewGroupView.swift in Sources */ = {isa = PBXBuildFile; fileRef = EC43B9062B5E6C4E007A55F0 /* NewGroupView.swift */; };
		EC4DCAB12B4DD59100B610DC /* AttemptCardView.swift in Sources */ = {isa = PBXBuildFile; fileRef = EC4DCAB02B4DD59100B610DC /* AttemptCardView.swift */; };
		EC6AE2CA2B4DE7F100F8C0D2 /* Notification.swift in Sources */ = {isa = PBXBuildFile; fileRef = EC6AE2C92B4DE7F100F8C0D2 /* Notification.swift */; };
		EC6AE2CF2B4DECF200F8C0D2 /* PlayerAttemptView.swift in Sources */ = {isa = PBXBuildFile; fileRef = EC6AE2CE2B4DECF200F8C0D2 /* PlayerAttemptView.swift */; };
		EC6AE2D22B4DEFA000F8C0D2 /* back_squat.mp4 in Resources */ = {isa = PBXBuildFile; fileRef = EC6AE2D12B4DEFA000F8C0D2 /* back_squat.mp4 */; };
		EC6AE2D72B4DF5F200F8C0D2 /* PlayerProfileView.swift in Sources */ = {isa = PBXBuildFile; fileRef = EC6AE2D62B4DF5F200F8C0D2 /* PlayerProfileView.swift */; };
		EC8134142B59A63700CB8723 /* squat_attempt.MOV in Resources */ = {isa = PBXBuildFile; fileRef = EC8134132B59A63700CB8723 /* squat_attempt.MOV */; };
		EC8134162B59AD6C00CB8723 /* PlayerDataService.swift in Sources */ = {isa = PBXBuildFile; fileRef = EC8134152B59AD6C00CB8723 /* PlayerDataService.swift */; };
		EC8134182B59BC9000CB8723 /* CoachDataService.swift in Sources */ = {isa = PBXBuildFile; fileRef = EC8134172B59BC9000CB8723 /* CoachDataService.swift */; };
		EC81341A2B59BD0000CB8723 /* Relationship.swift in Sources */ = {isa = PBXBuildFile; fileRef = EC8134192B59BD0000CB8723 /* Relationship.swift */; };
		EC81341C2B59BD7D00CB8723 /* RelationshipDataService.swift in Sources */ = {isa = PBXBuildFile; fileRef = EC81341B2B59BD7D00CB8723 /* RelationshipDataService.swift */; };
		EC81341F2B59C55600CB8723 /* AttemptRatingView.swift in Sources */ = {isa = PBXBuildFile; fileRef = EC81341E2B59C55600CB8723 /* AttemptRatingView.swift */; };
		EC8134232B59C9B400CB8723 /* ReviewAttemptView.swift in Sources */ = {isa = PBXBuildFile; fileRef = EC8134222B59C9B400CB8723 /* ReviewAttemptView.swift */; };
		EC903EF62B5015E300B3AB1F /* Date.swift in Sources */ = {isa = PBXBuildFile; fileRef = EC903EF52B5015E300B3AB1F /* Date.swift */; };
		EC903EF92B501A3900B3AB1F /* ProfileBaseView.swift in Sources */ = {isa = PBXBuildFile; fileRef = EC903EF82B501A3900B3AB1F /* ProfileBaseView.swift */; };
		EC903EFE2B501BF700B3AB1F /* CoachProfileView.swift in Sources */ = {isa = PBXBuildFile; fileRef = EC903EFD2B501BF700B3AB1F /* CoachProfileView.swift */; };
		EC903F032B501E1D00B3AB1F /* CoachPlayersView.swift in Sources */ = {isa = PBXBuildFile; fileRef = EC903F022B501E1D00B3AB1F /* CoachPlayersView.swift */; };
		EC903F092B5024FC00B3AB1F /* Player.swift in Sources */ = {isa = PBXBuildFile; fileRef = EC903F082B5024FC00B3AB1F /* Player.swift */; };
		EC903F0B2B5029E800B3AB1F /* CoachPlayerRequestsView.swift in Sources */ = {isa = PBXBuildFile; fileRef = EC903F0A2B5029E800B3AB1F /* CoachPlayerRequestsView.swift */; };
		EC903F0F2B50309800B3AB1F /* PlayerCardView.swift in Sources */ = {isa = PBXBuildFile; fileRef = EC903F0E2B50309800B3AB1F /* PlayerCardView.swift */; };
		EC903F112B5039B200B3AB1F /* GroupCardView.swift in Sources */ = {isa = PBXBuildFile; fileRef = EC903F102B5039B200B3AB1F /* GroupCardView.swift */; };
		EC903F132B5039CB00B3AB1F /* Group.swift in Sources */ = {isa = PBXBuildFile; fileRef = EC903F122B5039CB00B3AB1F /* Group.swift */; };
		EC903F182B503F4400B3AB1F /* PlayerView.swift in Sources */ = {isa = PBXBuildFile; fileRef = EC903F172B503F4400B3AB1F /* PlayerView.swift */; };
		EC903F1F2B505A4F00B3AB1F /* NetworkManager.swift in Sources */ = {isa = PBXBuildFile; fileRef = EC903F1E2B505A4F00B3AB1F /* NetworkManager.swift */; };
		ECAA8EA12B51B6C40001FE7D /* AttemptDataService.swift in Sources */ = {isa = PBXBuildFile; fileRef = ECAA8EA02B51B6C40001FE7D /* AttemptDataService.swift */; };
		ECAA8EAE2B5495240001FE7D /* DrawFeedbackView.swift in Sources */ = {isa = PBXBuildFile; fileRef = ECAA8EAD2B5495240001FE7D /* DrawFeedbackView.swift */; };
		ECAA8EB02B54981A0001FE7D /* ColorPickerView.swift in Sources */ = {isa = PBXBuildFile; fileRef = ECAA8EAF2B54981A0001FE7D /* ColorPickerView.swift */; };
		ECAA8EB72B54A6520001FE7D /* RecordingView.swift in Sources */ = {isa = PBXBuildFile; fileRef = ECAA8EB62B54A6520001FE7D /* RecordingView.swift */; };
		ECCDEED72B599B9D00F19A1F /* VideoAutoplayView.swift in Sources */ = {isa = PBXBuildFile; fileRef = ECCDEED62B599B9D00F19A1F /* VideoAutoplayView.swift */; };
		ECE43EA52B4E09E200BDE0C7 /* TechniqueCardView.swift in Sources */ = {isa = PBXBuildFile; fileRef = ECE43EA42B4E09E200BDE0C7 /* TechniqueCardView.swift */; };
		ECE43EAA2B4E0E9300BDE0C7 /* PlayerRecordView.swift in Sources */ = {isa = PBXBuildFile; fileRef = ECE43EA92B4E0E9300BDE0C7 /* PlayerRecordView.swift */; };
		ECE43EAE2B4EB81200BDE0C7 /* PlayerRecordAttemptView.swift in Sources */ = {isa = PBXBuildFile; fileRef = ECE43EAD2B4EB81200BDE0C7 /* PlayerRecordAttemptView.swift */; };
		ECE43EB22B4ECEC000BDE0C7 /* Coach.swift in Sources */ = {isa = PBXBuildFile; fileRef = ECE43EB12B4ECEC000BDE0C7 /* Coach.swift */; };
		ECE43EB52B4ED02E00BDE0C7 /* CirclePhotoView.swift in Sources */ = {isa = PBXBuildFile; fileRef = ECE43EB42B4ED02E00BDE0C7 /* CirclePhotoView.swift */; };
		ECE43EB72B4ED13F00BDE0C7 /* CoachRowView.swift in Sources */ = {isa = PBXBuildFile; fileRef = ECE43EB62B4ED13F00BDE0C7 /* CoachRowView.swift */; };
		ECE43EB92B4ED49200BDE0C7 /* NewCoachPopupView.swift in Sources */ = {isa = PBXBuildFile; fileRef = ECE43EB82B4ED49200BDE0C7 /* NewCoachPopupView.swift */; };
/* End PBXBuildFile section */

/* Begin PBXFileReference section */
		EC0E001E2B4DB00600F06B98 /* SmartTrainer.app */ = {isa = PBXFileReference; explicitFileType = wrapper.application; includeInIndex = 0; path = SmartTrainer.app; sourceTree = BUILT_PRODUCTS_DIR; };
		EC0E00212B4DB00600F06B98 /* SmartTrainerApp.swift */ = {isa = PBXFileReference; lastKnownFileType = sourcecode.swift; path = SmartTrainerApp.swift; sourceTree = "<group>"; };
		EC0E00252B4DB01D00F06B98 /* Assets.xcassets */ = {isa = PBXFileReference; lastKnownFileType = folder.assetcatalog; path = Assets.xcassets; sourceTree = "<group>"; };
		EC0E00282B4DB01D00F06B98 /* Preview Assets.xcassets */ = {isa = PBXFileReference; lastKnownFileType = folder.assetcatalog; path = "Preview Assets.xcassets"; sourceTree = "<group>"; };
		EC0E00322B4DB11E00F06B98 /* Color.swift */ = {isa = PBXFileReference; lastKnownFileType = sourcecode.swift; path = Color.swift; sourceTree = "<group>"; };
		EC0E00342B4DB23800F06B98 /* Technique.swift */ = {isa = PBXFileReference; lastKnownFileType = sourcecode.swift; path = Technique.swift; sourceTree = "<group>"; };
		EC0E00362B4DB2C100F06B98 /* PreviewProvider.swift */ = {isa = PBXFileReference; lastKnownFileType = sourcecode.swift; path = PreviewProvider.swift; sourceTree = "<group>"; };
		EC0E00382B4DB73200F06B98 /* Attempt.swift */ = {isa = PBXFileReference; lastKnownFileType = sourcecode.swift; path = Attempt.swift; sourceTree = "<group>"; };
		EC0E003B2B4DB8AE00F06B98 /* HomeView.swift */ = {isa = PBXFileReference; lastKnownFileType = sourcecode.swift; path = HomeView.swift; sourceTree = "<group>"; };
		EC0E003F2B4DB8FA00F06B98 /* CircleButtonView.swift */ = {isa = PBXFileReference; lastKnownFileType = sourcecode.swift; path = CircleButtonView.swift; sourceTree = "<group>"; };
		EC0E00412B4DC48C00F06B98 /* SmartTrainerTabView.swift */ = {isa = PBXFileReference; lastKnownFileType = sourcecode.swift; path = SmartTrainerTabView.swift; sourceTree = "<group>"; };
		EC0E00442B4DC75300F06B98 /* SearchBarView.swift */ = {isa = PBXFileReference; lastKnownFileType = sourcecode.swift; path = SearchBarView.swift; sourceTree = "<group>"; };
		EC2CAF9D2B5AFA5E0079DE11 /* GroupDataService.swift */ = {isa = PBXFileReference; lastKnownFileType = sourcecode.swift; path = GroupDataService.swift; sourceTree = "<group>"; };
		EC2CAF9F2B5AFC300079DE11 /* NotificationDataService.swift */ = {isa = PBXFileReference; lastKnownFileType = sourcecode.swift; path = NotificationDataService.swift; sourceTree = "<group>"; };
		EC2CAFA42B5AFDAB0079DE11 /* LogInView.swift */ = {isa = PBXFileReference; lastKnownFileType = sourcecode.swift; path = LogInView.swift; sourceTree = "<group>"; };
		EC2CAFA62B5AFFF70079DE11 /* SignUpView.swift */ = {isa = PBXFileReference; lastKnownFileType = sourcecode.swift; path = SignUpView.swift; sourceTree = "<group>"; };
		EC4106822B6683E700D9C820 /* Store.swift */ = {isa = PBXFileReference; lastKnownFileType = sourcecode.swift; path = Store.swift; sourceTree = "<group>"; };
		EC43B8F12B5D9790007A55F0 /* CoachGroupView.swift */ = {isa = PBXFileReference; lastKnownFileType = sourcecode.swift; path = CoachGroupView.swift; sourceTree = "<group>"; };
		EC43B8F32B5D9EED007A55F0 /* GroupPlayerView.swift */ = {isa = PBXFileReference; lastKnownFileType = sourcecode.swift; path = GroupPlayerView.swift; sourceTree = "<group>"; };
		EC43B8F52B5DA1A0007A55F0 /* EditGroupMembersView.swift */ = {isa = PBXFileReference; lastKnownFileType = sourcecode.swift; path = EditGroupMembersView.swift; sourceTree = "<group>"; };
		EC43B8FD2B5DD9B9007A55F0 /* VideoPlayerView.swift */ = {isa = PBXFileReference; lastKnownFileType = sourcecode.swift; path = VideoPlayerView.swift; sourceTree = "<group>"; };
		EC43B8FF2B5DDEF6007A55F0 /* CoachReview.swift */ = {isa = PBXFileReference; lastKnownFileType = sourcecode.swift; path = CoachReview.swift; sourceTree = "<group>"; };
		EC43B9012B5DDF40007A55F0 /* CoachReviewDataService.swift */ = {isa = PBXFileReference; lastKnownFileType = sourcecode.swift; path = CoachReviewDataService.swift; sourceTree = "<group>"; };
		EC43B9042B5DE0A1007A55F0 /* StarReviewView.swift */ = {isa = PBXFileReference; lastKnownFileType = sourcecode.swift; path = StarReviewView.swift; sourceTree = "<group>"; };
		EC43B9062B5E6C4E007A55F0 /* NewGroupView.swift */ = {isa = PBXFileReference; lastKnownFileType = sourcecode.swift; path = NewGroupView.swift; sourceTree = "<group>"; };
		EC4DCAB02B4DD59100B610DC /* AttemptCardView.swift */ = {isa = PBXFileReference; lastKnownFileType = sourcecode.swift; path = AttemptCardView.swift; sourceTree = "<group>"; };
		EC6AE2C92B4DE7F100F8C0D2 /* Notification.swift */ = {isa = PBXFileReference; lastKnownFileType = sourcecode.swift; path = Notification.swift; sourceTree = "<group>"; };
		EC6AE2CE2B4DECF200F8C0D2 /* PlayerAttemptView.swift */ = {isa = PBXFileReference; lastKnownFileType = sourcecode.swift; path = PlayerAttemptView.swift; sourceTree = "<group>"; };
		EC6AE2D12B4DEFA000F8C0D2 /* back_squat.mp4 */ = {isa = PBXFileReference; lastKnownFileType = file; path = back_squat.mp4; sourceTree = "<group>"; };
		EC6AE2D62B4DF5F200F8C0D2 /* PlayerProfileView.swift */ = {isa = PBXFileReference; lastKnownFileType = sourcecode.swift; path = PlayerProfileView.swift; sourceTree = "<group>"; };
		EC8134132B59A63700CB8723 /* squat_attempt.MOV */ = {isa = PBXFileReference; lastKnownFileType = video.quicktime; path = squat_attempt.MOV; sourceTree = "<group>"; };
		EC8134152B59AD6C00CB8723 /* PlayerDataService.swift */ = {isa = PBXFileReference; lastKnownFileType = sourcecode.swift; path = PlayerDataService.swift; sourceTree = "<group>"; };
		EC8134172B59BC9000CB8723 /* CoachDataService.swift */ = {isa = PBXFileReference; lastKnownFileType = sourcecode.swift; path = CoachDataService.swift; sourceTree = "<group>"; };
		EC8134192B59BD0000CB8723 /* Relationship.swift */ = {isa = PBXFileReference; lastKnownFileType = sourcecode.swift; path = Relationship.swift; sourceTree = "<group>"; };
		EC81341B2B59BD7D00CB8723 /* RelationshipDataService.swift */ = {isa = PBXFileReference; lastKnownFileType = sourcecode.swift; path = RelationshipDataService.swift; sourceTree = "<group>"; };
		EC81341E2B59C55600CB8723 /* AttemptRatingView.swift */ = {isa = PBXFileReference; lastKnownFileType = sourcecode.swift; path = AttemptRatingView.swift; sourceTree = "<group>"; };
		EC8134222B59C9B400CB8723 /* ReviewAttemptView.swift */ = {isa = PBXFileReference; lastKnownFileType = sourcecode.swift; path = ReviewAttemptView.swift; sourceTree = "<group>"; };
		EC903EF52B5015E300B3AB1F /* Date.swift */ = {isa = PBXFileReference; lastKnownFileType = sourcecode.swift; path = Date.swift; sourceTree = "<group>"; };
		EC903EF82B501A3900B3AB1F /* ProfileBaseView.swift */ = {isa = PBXFileReference; lastKnownFileType = sourcecode.swift; path = ProfileBaseView.swift; sourceTree = "<group>"; };
		EC903EFD2B501BF700B3AB1F /* CoachProfileView.swift */ = {isa = PBXFileReference; lastKnownFileType = sourcecode.swift; path = CoachProfileView.swift; sourceTree = "<group>"; };
		EC903F022B501E1D00B3AB1F /* CoachPlayersView.swift */ = {isa = PBXFileReference; lastKnownFileType = sourcecode.swift; path = CoachPlayersView.swift; sourceTree = "<group>"; };
		EC903F082B5024FC00B3AB1F /* Player.swift */ = {isa = PBXFileReference; lastKnownFileType = sourcecode.swift; path = Player.swift; sourceTree = "<group>"; };
		EC903F0A2B5029E800B3AB1F /* CoachPlayerRequestsView.swift */ = {isa = PBXFileReference; lastKnownFileType = sourcecode.swift; path = CoachPlayerRequestsView.swift; sourceTree = "<group>"; };
		EC903F0E2B50309800B3AB1F /* PlayerCardView.swift */ = {isa = PBXFileReference; lastKnownFileType = sourcecode.swift; path = PlayerCardView.swift; sourceTree = "<group>"; };
		EC903F102B5039B200B3AB1F /* GroupCardView.swift */ = {isa = PBXFileReference; lastKnownFileType = sourcecode.swift; path = GroupCardView.swift; sourceTree = "<group>"; };
		EC903F122B5039CB00B3AB1F /* Group.swift */ = {isa = PBXFileReference; lastKnownFileType = sourcecode.swift; path = Group.swift; sourceTree = "<group>"; };
		EC903F172B503F4400B3AB1F /* PlayerView.swift */ = {isa = PBXFileReference; lastKnownFileType = sourcecode.swift; path = PlayerView.swift; sourceTree = "<group>"; };
		EC903F1E2B505A4F00B3AB1F /* NetworkManager.swift */ = {isa = PBXFileReference; lastKnownFileType = sourcecode.swift; path = NetworkManager.swift; sourceTree = "<group>"; };
		ECAA8EA02B51B6C40001FE7D /* AttemptDataService.swift */ = {isa = PBXFileReference; lastKnownFileType = sourcecode.swift; path = AttemptDataService.swift; sourceTree = "<group>"; };
		ECAA8EA22B51C8810001FE7D /* Info.plist */ = {isa = PBXFileReference; lastKnownFileType = text.plist; path = Info.plist; sourceTree = "<group>"; };
		ECAA8EAD2B5495240001FE7D /* DrawFeedbackView.swift */ = {isa = PBXFileReference; lastKnownFileType = sourcecode.swift; path = DrawFeedbackView.swift; sourceTree = "<group>"; };
		ECAA8EAF2B54981A0001FE7D /* ColorPickerView.swift */ = {isa = PBXFileReference; lastKnownFileType = sourcecode.swift; path = ColorPickerView.swift; sourceTree = "<group>"; };
		ECAA8EB62B54A6520001FE7D /* RecordingView.swift */ = {isa = PBXFileReference; lastKnownFileType = sourcecode.swift; path = RecordingView.swift; sourceTree = "<group>"; };
		ECCDEED62B599B9D00F19A1F /* VideoAutoplayView.swift */ = {isa = PBXFileReference; lastKnownFileType = sourcecode.swift; path = VideoAutoplayView.swift; sourceTree = "<group>"; };
		ECE43EA42B4E09E200BDE0C7 /* TechniqueCardView.swift */ = {isa = PBXFileReference; lastKnownFileType = sourcecode.swift; path = TechniqueCardView.swift; sourceTree = "<group>"; };
		ECE43EA92B4E0E9300BDE0C7 /* PlayerRecordView.swift */ = {isa = PBXFileReference; lastKnownFileType = sourcecode.swift; path = PlayerRecordView.swift; sourceTree = "<group>"; };
		ECE43EAD2B4EB81200BDE0C7 /* PlayerRecordAttemptView.swift */ = {isa = PBXFileReference; lastKnownFileType = sourcecode.swift; path = PlayerRecordAttemptView.swift; sourceTree = "<group>"; };
		ECE43EB12B4ECEC000BDE0C7 /* Coach.swift */ = {isa = PBXFileReference; lastKnownFileType = sourcecode.swift; path = Coach.swift; sourceTree = "<group>"; };
		ECE43EB42B4ED02E00BDE0C7 /* CirclePhotoView.swift */ = {isa = PBXFileReference; lastKnownFileType = sourcecode.swift; path = CirclePhotoView.swift; sourceTree = "<group>"; };
		ECE43EB62B4ED13F00BDE0C7 /* CoachRowView.swift */ = {isa = PBXFileReference; lastKnownFileType = sourcecode.swift; path = CoachRowView.swift; sourceTree = "<group>"; };
		ECE43EB82B4ED49200BDE0C7 /* NewCoachPopupView.swift */ = {isa = PBXFileReference; lastKnownFileType = sourcecode.swift; path = NewCoachPopupView.swift; sourceTree = "<group>"; };
/* End PBXFileReference section */

/* Begin PBXFrameworksBuildPhase section */
		EC0E001B2B4DB00600F06B98 /* Frameworks */ = {
			isa = PBXFrameworksBuildPhase;
			buildActionMask = 2147483647;
			files = (
			);
			runOnlyForDeploymentPostprocessing = 0;
		};
/* End PBXFrameworksBuildPhase section */

/* Begin PBXGroup section */
		EC0E00152B4DB00600F06B98 = {
			isa = PBXGroup;
			children = (
				EC0E00202B4DB00600F06B98 /* SmartTrainer */,
				EC0E001F2B4DB00600F06B98 /* Products */,
			);
			sourceTree = "<group>";
		};
		EC0E001F2B4DB00600F06B98 /* Products */ = {
			isa = PBXGroup;
			children = (
				EC0E001E2B4DB00600F06B98 /* SmartTrainer.app */,
			);
			name = Products;
			sourceTree = "<group>";
		};
		EC0E00202B4DB00600F06B98 /* SmartTrainer */ = {
			isa = PBXGroup;
			children = (
				ECAA8EA22B51C8810001FE7D /* Info.plist */,
				ECAA8E9F2B51B45E0001FE7D /* Services */,
				EC903F1D2B505A1F00B3AB1F /* Utilities */,
				EC0E00312B4DB0B800F06B98 /* Models */,
				EC0E00302B4DB09000F06B98 /* Extensions */,
				EC0E002F2B4DB06200F06B98 /* Core */,
				EC6AE2D02B4DEFA000F8C0D2 /* Videos */,
				EC0E00212B4DB00600F06B98 /* SmartTrainerApp.swift */,
				EC0E00412B4DC48C00F06B98 /* SmartTrainerTabView.swift */,
				EC0E00252B4DB01D00F06B98 /* Assets.xcassets */,
				EC0E00272B4DB01D00F06B98 /* Preview Content */,
			);
			path = SmartTrainer;
			sourceTree = "<group>";
		};
		EC0E00272B4DB01D00F06B98 /* Preview Content */ = {
			isa = PBXGroup;
			children = (
				EC0E00282B4DB01D00F06B98 /* Preview Assets.xcassets */,
			);
			path = "Preview Content";
			sourceTree = "<group>";
		};
		EC0E002F2B4DB06200F06B98 /* Core */ = {
			isa = PBXGroup;
			children = (
				EC43B8FB2B5DD967007A55F0 /* VideoPlayer */,
				EC43B8EE2B5D976F007A55F0 /* CoachGroup */,
				EC2CAFA12B5AFD890079DE11 /* Authenticate */,
				EC8134202B59C99D00CB8723 /* ReviewAttempt */,
				ECAA8EB32B54A61F0001FE7D /* Recording */,
				ECAA8EA82B5494CC0001FE7D /* DrawFeedback */,
				EC903F142B503F1000B3AB1F /* Player */,
				EC903EFF2B501DEB00B3AB1F /* CoachPlayers */,
				EC903EFA2B501BBA00B3AB1F /* CoachProfile */,
				ECE43EA62B4E0E7700BDE0C7 /* PlayerRecord */,
				EC6AE2D32B4DF5D200F8C0D2 /* PlayerProfile */,
				EC6AE2CB2B4DECC800F8C0D2 /* PlayerAttempt */,
				EC0E003D2B4DB8D900F06B98 /* Components */,
				EC0E003A2B4DB88C00F06B98 /* Home */,
			);
			path = Core;
			sourceTree = "<group>";
		};
		EC0E00302B4DB09000F06B98 /* Extensions */ = {
			isa = PBXGroup;
			children = (
				EC0E00322B4DB11E00F06B98 /* Color.swift */,
				EC0E00362B4DB2C100F06B98 /* PreviewProvider.swift */,
				EC903EF52B5015E300B3AB1F /* Date.swift */,
			);
			path = Extensions;
			sourceTree = "<group>";
		};
		EC0E00312B4DB0B800F06B98 /* Models */ = {
			isa = PBXGroup;
			children = (
				EC0E00342B4DB23800F06B98 /* Technique.swift */,
				EC0E00382B4DB73200F06B98 /* Attempt.swift */,
				EC6AE2C92B4DE7F100F8C0D2 /* Notification.swift */,
				ECE43EB12B4ECEC000BDE0C7 /* Coach.swift */,
				EC903F082B5024FC00B3AB1F /* Player.swift */,
				EC903F122B5039CB00B3AB1F /* Group.swift */,
				EC8134192B59BD0000CB8723 /* Relationship.swift */,
				EC43B8FF2B5DDEF6007A55F0 /* CoachReview.swift */,
			);
			path = Models;
			sourceTree = "<group>";
		};
		EC0E003A2B4DB88C00F06B98 /* Home */ = {
			isa = PBXGroup;
			children = (
				EC0E003B2B4DB8AE00F06B98 /* HomeView.swift */,
			);
			path = Home;
			sourceTree = "<group>";
		};
		EC0E003D2B4DB8D900F06B98 /* Components */ = {
			isa = PBXGroup;
			children = (
				EC43B9032B5DE091007A55F0 /* StarReview */,
				EC81341D2B59C54500CB8723 /* AttemptRating */,
				ECCDEED52B599B8600F19A1F /* VideoAutoplay */,
				EC903EF72B501A2300B3AB1F /* ProfileBase */,
				ECE43EB32B4ED01E00BDE0C7 /* CirclePhoto */,
				ECE43EA32B4E09CB00BDE0C7 /* TechniqueCard */,
				EC4DCAAF2B4DD56900B610DC /* AttemptCard */,
				EC0E00432B4DC73D00F06B98 /* SearchBar */,
				EC0E003E2B4DB8E600F06B98 /* CircleButton */,
			);
			path = Components;
			sourceTree = "<group>";
		};
		EC0E003E2B4DB8E600F06B98 /* CircleButton */ = {
			isa = PBXGroup;
			children = (
				EC0E003F2B4DB8FA00F06B98 /* CircleButtonView.swift */,
			);
			path = CircleButton;
			sourceTree = "<group>";
		};
		EC0E00432B4DC73D00F06B98 /* SearchBar */ = {
			isa = PBXGroup;
			children = (
				EC0E00442B4DC75300F06B98 /* SearchBarView.swift */,
			);
			path = SearchBar;
			sourceTree = "<group>";
		};
		EC2CAFA12B5AFD890079DE11 /* Authenticate */ = {
			isa = PBXGroup;
			children = (
				EC2CAFA42B5AFDAB0079DE11 /* LogInView.swift */,
				EC2CAFA62B5AFFF70079DE11 /* SignUpView.swift */,
			);
			path = Authenticate;
			sourceTree = "<group>";
		};
		EC43B8EE2B5D976F007A55F0 /* CoachGroup */ = {
			isa = PBXGroup;
			children = (
				EC43B8F12B5D9790007A55F0 /* CoachGroupView.swift */,
				EC43B8F32B5D9EED007A55F0 /* GroupPlayerView.swift */,
				EC43B8F52B5DA1A0007A55F0 /* EditGroupMembersView.swift */,
			);
			path = CoachGroup;
			sourceTree = "<group>";
		};
		EC43B8FB2B5DD967007A55F0 /* VideoPlayer */ = {
			isa = PBXGroup;
			children = (
				EC43B8FD2B5DD9B9007A55F0 /* VideoPlayerView.swift */,
			);
			path = VideoPlayer;
			sourceTree = "<group>";
		};
		EC43B9032B5DE091007A55F0 /* StarReview */ = {
			isa = PBXGroup;
			children = (
				EC43B9042B5DE0A1007A55F0 /* StarReviewView.swift */,
			);
			path = StarReview;
			sourceTree = "<group>";
		};
		EC4DCAAF2B4DD56900B610DC /* AttemptCard */ = {
			isa = PBXGroup;
			children = (
				EC4DCAB02B4DD59100B610DC /* AttemptCardView.swift */,
			);
			path = AttemptCard;
			sourceTree = "<group>";
		};
		EC6AE2CB2B4DECC800F8C0D2 /* PlayerAttempt */ = {
			isa = PBXGroup;
			children = (
				EC6AE2CE2B4DECF200F8C0D2 /* PlayerAttemptView.swift */,
			);
			path = PlayerAttempt;
			sourceTree = "<group>";
		};
		EC6AE2D02B4DEFA000F8C0D2 /* Videos */ = {
			isa = PBXGroup;
			children = (
				EC8134132B59A63700CB8723 /* squat_attempt.MOV */,
				EC6AE2D12B4DEFA000F8C0D2 /* back_squat.mp4 */,
			);
			path = Videos;
			sourceTree = "<group>";
		};
		EC6AE2D32B4DF5D200F8C0D2 /* PlayerProfile */ = {
			isa = PBXGroup;
			children = (
				EC6AE2D62B4DF5F200F8C0D2 /* PlayerProfileView.swift */,
				ECE43EB82B4ED49200BDE0C7 /* NewCoachPopupView.swift */,
				ECE43EB62B4ED13F00BDE0C7 /* CoachRowView.swift */,
			);
			path = PlayerProfile;
			sourceTree = "<group>";
		};
		EC81341D2B59C54500CB8723 /* AttemptRating */ = {
			isa = PBXGroup;
			children = (
				EC81341E2B59C55600CB8723 /* AttemptRatingView.swift */,
			);
			path = AttemptRating;
			sourceTree = "<group>";
		};
		EC8134202B59C99D00CB8723 /* ReviewAttempt */ = {
			isa = PBXGroup;
			children = (
				EC8134222B59C9B400CB8723 /* ReviewAttemptView.swift */,
			);
			path = ReviewAttempt;
			sourceTree = "<group>";
		};
		EC903EF72B501A2300B3AB1F /* ProfileBase */ = {
			isa = PBXGroup;
			children = (
				EC903EF82B501A3900B3AB1F /* ProfileBaseView.swift */,
			);
			path = ProfileBase;
			sourceTree = "<group>";
		};
		EC903EFA2B501BBA00B3AB1F /* CoachProfile */ = {
			isa = PBXGroup;
			children = (
				EC903EFD2B501BF700B3AB1F /* CoachProfileView.swift */,
			);
			path = CoachProfile;
			sourceTree = "<group>";
		};
		EC903EFF2B501DEB00B3AB1F /* CoachPlayers */ = {
			isa = PBXGroup;
			children = (
				EC903F022B501E1D00B3AB1F /* CoachPlayersView.swift */,
				EC903F0A2B5029E800B3AB1F /* CoachPlayerRequestsView.swift */,
				EC903F0E2B50309800B3AB1F /* PlayerCardView.swift */,
				EC903F102B5039B200B3AB1F /* GroupCardView.swift */,
				EC43B9062B5E6C4E007A55F0 /* NewGroupView.swift */,
			);
			path = CoachPlayers;
			sourceTree = "<group>";
		};
		EC903F142B503F1000B3AB1F /* Player */ = {
			isa = PBXGroup;
			children = (
				EC903F172B503F4400B3AB1F /* PlayerView.swift */,
			);
			path = Player;
			sourceTree = "<group>";
		};
		EC903F1D2B505A1F00B3AB1F /* Utilities */ = {
			isa = PBXGroup;
			children = (
				EC903F1E2B505A4F00B3AB1F /* NetworkManager.swift */,
				EC4106822B6683E700D9C820 /* Store.swift */,
			);
			path = Utilities;
			sourceTree = "<group>";
		};
		ECAA8E9F2B51B45E0001FE7D /* Services */ = {
			isa = PBXGroup;
			children = (
				ECAA8EA02B51B6C40001FE7D /* AttemptDataService.swift */,
				EC8134152B59AD6C00CB8723 /* PlayerDataService.swift */,
				EC8134172B59BC9000CB8723 /* CoachDataService.swift */,
				EC81341B2B59BD7D00CB8723 /* RelationshipDataService.swift */,
				EC2CAF9D2B5AFA5E0079DE11 /* GroupDataService.swift */,
				EC2CAF9F2B5AFC300079DE11 /* NotificationDataService.swift */,
				EC43B9012B5DDF40007A55F0 /* CoachReviewDataService.swift */,
			);
			path = Services;
			sourceTree = "<group>";
		};
		ECAA8EA82B5494CC0001FE7D /* DrawFeedback */ = {
			isa = PBXGroup;
			children = (
				ECAA8EAD2B5495240001FE7D /* DrawFeedbackView.swift */,
				ECAA8EAF2B54981A0001FE7D /* ColorPickerView.swift */,
			);
			path = DrawFeedback;
			sourceTree = "<group>";
		};
		ECAA8EB32B54A61F0001FE7D /* Recording */ = {
			isa = PBXGroup;
			children = (
				ECAA8EB62B54A6520001FE7D /* RecordingView.swift */,
			);
			path = Recording;
			sourceTree = "<group>";
		};
		ECCDEED52B599B8600F19A1F /* VideoAutoplay */ = {
			isa = PBXGroup;
			children = (
				ECCDEED62B599B9D00F19A1F /* VideoAutoplayView.swift */,
			);
			path = VideoAutoplay;
			sourceTree = "<group>";
		};
		ECE43EA32B4E09CB00BDE0C7 /* TechniqueCard */ = {
			isa = PBXGroup;
			children = (
				ECE43EA42B4E09E200BDE0C7 /* TechniqueCardView.swift */,
			);
			path = TechniqueCard;
			sourceTree = "<group>";
		};
		ECE43EA62B4E0E7700BDE0C7 /* PlayerRecord */ = {
			isa = PBXGroup;
			children = (
				ECE43EA92B4E0E9300BDE0C7 /* PlayerRecordView.swift */,
				ECE43EAD2B4EB81200BDE0C7 /* PlayerRecordAttemptView.swift */,
			);
			path = PlayerRecord;
			sourceTree = "<group>";
		};
		ECE43EB32B4ED01E00BDE0C7 /* CirclePhoto */ = {
			isa = PBXGroup;
			children = (
				ECE43EB42B4ED02E00BDE0C7 /* CirclePhotoView.swift */,
			);
			path = CirclePhoto;
			sourceTree = "<group>";
		};
/* End PBXGroup section */

/* Begin PBXNativeTarget section */
		EC0E001D2B4DB00600F06B98 /* SmartTrainer */ = {
			isa = PBXNativeTarget;
			buildConfigurationList = EC0E002C2B4DB01D00F06B98 /* Build configuration list for PBXNativeTarget "SmartTrainer" */;
			buildPhases = (
				EC0E001A2B4DB00600F06B98 /* Sources */,
				EC0E001B2B4DB00600F06B98 /* Frameworks */,
				EC0E001C2B4DB00600F06B98 /* Resources */,
			);
			buildRules = (
			);
			dependencies = (
			);
			name = SmartTrainer;
			productName = SmartTrainer;
			productReference = EC0E001E2B4DB00600F06B98 /* SmartTrainer.app */;
			productType = "com.apple.product-type.application";
		};
/* End PBXNativeTarget section */

/* Begin PBXProject section */
		EC0E00162B4DB00600F06B98 /* Project object */ = {
			isa = PBXProject;
			attributes = {
				BuildIndependentTargetsInParallel = 1;
				LastSwiftUpdateCheck = 1500;
				LastUpgradeCheck = 1500;
				TargetAttributes = {
					EC0E001D2B4DB00600F06B98 = {
						CreatedOnToolsVersion = 15.0;
					};
				};
			};
			buildConfigurationList = EC0E00192B4DB00600F06B98 /* Build configuration list for PBXProject "SmartTrainer" */;
			compatibilityVersion = "Xcode 14.0";
			developmentRegion = en;
			hasScannedForEncodings = 0;
			knownRegions = (
				en,
				Base,
			);
			mainGroup = EC0E00152B4DB00600F06B98;
			productRefGroup = EC0E001F2B4DB00600F06B98 /* Products */;
			projectDirPath = "";
			projectRoot = "";
			targets = (
				EC0E001D2B4DB00600F06B98 /* SmartTrainer */,
			);
		};
/* End PBXProject section */

/* Begin PBXResourcesBuildPhase section */
		EC0E001C2B4DB00600F06B98 /* Resources */ = {
			isa = PBXResourcesBuildPhase;
			buildActionMask = 2147483647;
			files = (
				EC0E00292B4DB01D00F06B98 /* Preview Assets.xcassets in Resources */,
				EC6AE2D22B4DEFA000F8C0D2 /* back_squat.mp4 in Resources */,
				EC0E00262B4DB01D00F06B98 /* Assets.xcassets in Resources */,
				EC8134142B59A63700CB8723 /* squat_attempt.MOV in Resources */,
			);
			runOnlyForDeploymentPostprocessing = 0;
		};
/* End PBXResourcesBuildPhase section */

/* Begin PBXSourcesBuildPhase section */
		EC0E001A2B4DB00600F06B98 /* Sources */ = {
			isa = PBXSourcesBuildPhase;
			buildActionMask = 2147483647;
			files = (
				EC903F1F2B505A4F00B3AB1F /* NetworkManager.swift in Sources */,
				ECCDEED72B599B9D00F19A1F /* VideoAutoplayView.swift in Sources */,
				EC903F132B5039CB00B3AB1F /* Group.swift in Sources */,
				ECE43EB22B4ECEC000BDE0C7 /* Coach.swift in Sources */,
				EC903EFE2B501BF700B3AB1F /* CoachProfileView.swift in Sources */,
				EC8134162B59AD6C00CB8723 /* PlayerDataService.swift in Sources */,
				EC0E00352B4DB23900F06B98 /* Technique.swift in Sources */,
				EC0E00452B4DC75300F06B98 /* SearchBarView.swift in Sources */,
				ECE43EAE2B4EB81200BDE0C7 /* PlayerRecordAttemptView.swift in Sources */,
				EC81341A2B59BD0000CB8723 /* Relationship.swift in Sources */,
				EC2CAF9E2B5AFA5E0079DE11 /* GroupDataService.swift in Sources */,
				EC903F0B2B5029E800B3AB1F /* CoachPlayerRequestsView.swift in Sources */,
				ECE43EA52B4E09E200BDE0C7 /* TechniqueCardView.swift in Sources */,
				EC43B8F62B5DA1A0007A55F0 /* EditGroupMembersView.swift in Sources */,
				EC903EF92B501A3900B3AB1F /* ProfileBaseView.swift in Sources */,
				EC903F0F2B50309800B3AB1F /* PlayerCardView.swift in Sources */,
				EC43B9072B5E6C4E007A55F0 /* NewGroupView.swift in Sources */,
				EC0E003C2B4DB8AE00F06B98 /* HomeView.swift in Sources */,
				ECE43EB72B4ED13F00BDE0C7 /* CoachRowView.swift in Sources */,
				EC6AE2D72B4DF5F200F8C0D2 /* PlayerProfileView.swift in Sources */,
				EC4106832B6683E800D9C820 /* Store.swift in Sources */,
				EC903F092B5024FC00B3AB1F /* Player.swift in Sources */,
				EC8134182B59BC9000CB8723 /* CoachDataService.swift in Sources */,
				EC43B8FE2B5DD9B9007A55F0 /* VideoPlayerView.swift in Sources */,
				ECE43EB52B4ED02E00BDE0C7 /* CirclePhotoView.swift in Sources */,
				EC903F112B5039B200B3AB1F /* GroupCardView.swift in Sources */,
				EC4DCAB12B4DD59100B610DC /* AttemptCardView.swift in Sources */,
				EC43B9052B5DE0A1007A55F0 /* StarReviewView.swift in Sources */,
				EC0E00422B4DC48C00F06B98 /* SmartTrainerTabView.swift in Sources */,
				EC903F032B501E1D00B3AB1F /* CoachPlayersView.swift in Sources */,
				EC903F182B503F4400B3AB1F /* PlayerView.swift in Sources */,
				EC0E00402B4DB8FA00F06B98 /* CircleButtonView.swift in Sources */,
				EC43B8F42B5D9EED007A55F0 /* GroupPlayerView.swift in Sources */,
				ECE43EAA2B4E0E9300BDE0C7 /* PlayerRecordView.swift in Sources */,
				EC0E00222B4DB00600F06B98 /* SmartTrainerApp.swift in Sources */,
				EC2CAFA72B5AFFF70079DE11 /* SignUpView.swift in Sources */,
				EC81341F2B59C55600CB8723 /* AttemptRatingView.swift in Sources */,
				EC2CAFA02B5AFC300079DE11 /* NotificationDataService.swift in Sources */,
				EC43B9022B5DDF40007A55F0 /* CoachReviewDataService.swift in Sources */,
				EC0E00392B4DB73200F06B98 /* Attempt.swift in Sources */,
				EC2CAFA52B5AFDAB0079DE11 /* LogInView.swift in Sources */,
				EC6AE2CA2B4DE7F100F8C0D2 /* Notification.swift in Sources */,
				EC81341C2B59BD7D00CB8723 /* RelationshipDataService.swift in Sources */,
				ECAA8EAE2B5495240001FE7D /* DrawFeedbackView.swift in Sources */,
				EC43B8F22B5D9790007A55F0 /* CoachGroupView.swift in Sources */,
				EC43B9002B5DDEF6007A55F0 /* CoachReview.swift in Sources */,
				EC6AE2CF2B4DECF200F8C0D2 /* PlayerAttemptView.swift in Sources */,
				EC903EF62B5015E300B3AB1F /* Date.swift in Sources */,
				EC0E00332B4DB11E00F06B98 /* Color.swift in Sources */,
				ECAA8EA12B51B6C40001FE7D /* AttemptDataService.swift in Sources */,
				ECE43EB92B4ED49200BDE0C7 /* NewCoachPopupView.swift in Sources */,
				EC0E00372B4DB2C100F06B98 /* PreviewProvider.swift in Sources */,
				ECAA8EB02B54981A0001FE7D /* ColorPickerView.swift in Sources */,
				EC8134232B59C9B400CB8723 /* ReviewAttemptView.swift in Sources */,
				ECAA8EB72B54A6520001FE7D /* RecordingView.swift in Sources */,
			);
			runOnlyForDeploymentPostprocessing = 0;
		};
/* End PBXSourcesBuildPhase section */

/* Begin XCBuildConfiguration section */
		EC0E002A2B4DB01D00F06B98 /* Debug */ = {
			isa = XCBuildConfiguration;
			buildSettings = {
				ALWAYS_SEARCH_USER_PATHS = NO;
				ASSETCATALOG_COMPILER_GENERATE_SWIFT_ASSET_SYMBOL_EXTENSIONS = YES;
				CLANG_ANALYZER_NONNULL = YES;
				CLANG_ANALYZER_NUMBER_OBJECT_CONVERSION = YES_AGGRESSIVE;
				CLANG_CXX_LANGUAGE_STANDARD = "gnu++20";
				CLANG_ENABLE_MODULES = YES;
				CLANG_ENABLE_OBJC_ARC = YES;
				CLANG_ENABLE_OBJC_WEAK = YES;
				CLANG_WARN_BLOCK_CAPTURE_AUTORELEASING = YES;
				CLANG_WARN_BOOL_CONVERSION = YES;
				CLANG_WARN_COMMA = YES;
				CLANG_WARN_CONSTANT_CONVERSION = YES;
				CLANG_WARN_DEPRECATED_OBJC_IMPLEMENTATIONS = YES;
				CLANG_WARN_DIRECT_OBJC_ISA_USAGE = YES_ERROR;
				CLANG_WARN_DOCUMENTATION_COMMENTS = YES;
				CLANG_WARN_EMPTY_BODY = YES;
				CLANG_WARN_ENUM_CONVERSION = YES;
				CLANG_WARN_INFINITE_RECURSION = YES;
				CLANG_WARN_INT_CONVERSION = YES;
				CLANG_WARN_NON_LITERAL_NULL_CONVERSION = YES;
				CLANG_WARN_OBJC_IMPLICIT_RETAIN_SELF = YES;
				CLANG_WARN_OBJC_LITERAL_CONVERSION = YES;
				CLANG_WARN_OBJC_ROOT_CLASS = YES_ERROR;
				CLANG_WARN_QUOTED_INCLUDE_IN_FRAMEWORK_HEADER = YES;
				CLANG_WARN_RANGE_LOOP_ANALYSIS = YES;
				CLANG_WARN_STRICT_PROTOTYPES = YES;
				CLANG_WARN_SUSPICIOUS_MOVE = YES;
				CLANG_WARN_UNGUARDED_AVAILABILITY = YES_AGGRESSIVE;
				CLANG_WARN_UNREACHABLE_CODE = YES;
				CLANG_WARN__DUPLICATE_METHOD_MATCH = YES;
				COPY_PHASE_STRIP = NO;
				DEBUG_INFORMATION_FORMAT = dwarf;
				ENABLE_STRICT_OBJC_MSGSEND = YES;
				ENABLE_TESTABILITY = YES;
				ENABLE_USER_SCRIPT_SANDBOXING = YES;
				GCC_C_LANGUAGE_STANDARD = gnu17;
				GCC_DYNAMIC_NO_PIC = NO;
				GCC_NO_COMMON_BLOCKS = YES;
				GCC_OPTIMIZATION_LEVEL = 0;
				GCC_PREPROCESSOR_DEFINITIONS = (
					"DEBUG=1",
					"$(inherited)",
				);
				GCC_WARN_64_TO_32_BIT_CONVERSION = YES;
				GCC_WARN_ABOUT_RETURN_TYPE = YES_ERROR;
				GCC_WARN_UNDECLARED_SELECTOR = YES;
				GCC_WARN_UNINITIALIZED_AUTOS = YES_AGGRESSIVE;
				GCC_WARN_UNUSED_FUNCTION = YES;
				GCC_WARN_UNUSED_VARIABLE = YES;
				IPHONEOS_DEPLOYMENT_TARGET = 17.0;
				LOCALIZATION_PREFERS_STRING_CATALOGS = YES;
				MTL_ENABLE_DEBUG_INFO = INCLUDE_SOURCE;
				MTL_FAST_MATH = YES;
				ONLY_ACTIVE_ARCH = YES;
				SDKROOT = iphoneos;
				SWIFT_ACTIVE_COMPILATION_CONDITIONS = "DEBUG $(inherited)";
				SWIFT_OPTIMIZATION_LEVEL = "-Onone";
			};
			name = Debug;
		};
		EC0E002B2B4DB01D00F06B98 /* Release */ = {
			isa = XCBuildConfiguration;
			buildSettings = {
				ALWAYS_SEARCH_USER_PATHS = NO;
				ASSETCATALOG_COMPILER_GENERATE_SWIFT_ASSET_SYMBOL_EXTENSIONS = YES;
				CLANG_ANALYZER_NONNULL = YES;
				CLANG_ANALYZER_NUMBER_OBJECT_CONVERSION = YES_AGGRESSIVE;
				CLANG_CXX_LANGUAGE_STANDARD = "gnu++20";
				CLANG_ENABLE_MODULES = YES;
				CLANG_ENABLE_OBJC_ARC = YES;
				CLANG_ENABLE_OBJC_WEAK = YES;
				CLANG_WARN_BLOCK_CAPTURE_AUTORELEASING = YES;
				CLANG_WARN_BOOL_CONVERSION = YES;
				CLANG_WARN_COMMA = YES;
				CLANG_WARN_CONSTANT_CONVERSION = YES;
				CLANG_WARN_DEPRECATED_OBJC_IMPLEMENTATIONS = YES;
				CLANG_WARN_DIRECT_OBJC_ISA_USAGE = YES_ERROR;
				CLANG_WARN_DOCUMENTATION_COMMENTS = YES;
				CLANG_WARN_EMPTY_BODY = YES;
				CLANG_WARN_ENUM_CONVERSION = YES;
				CLANG_WARN_INFINITE_RECURSION = YES;
				CLANG_WARN_INT_CONVERSION = YES;
				CLANG_WARN_NON_LITERAL_NULL_CONVERSION = YES;
				CLANG_WARN_OBJC_IMPLICIT_RETAIN_SELF = YES;
				CLANG_WARN_OBJC_LITERAL_CONVERSION = YES;
				CLANG_WARN_OBJC_ROOT_CLASS = YES_ERROR;
				CLANG_WARN_QUOTED_INCLUDE_IN_FRAMEWORK_HEADER = YES;
				CLANG_WARN_RANGE_LOOP_ANALYSIS = YES;
				CLANG_WARN_STRICT_PROTOTYPES = YES;
				CLANG_WARN_SUSPICIOUS_MOVE = YES;
				CLANG_WARN_UNGUARDED_AVAILABILITY = YES_AGGRESSIVE;
				CLANG_WARN_UNREACHABLE_CODE = YES;
				CLANG_WARN__DUPLICATE_METHOD_MATCH = YES;
				COPY_PHASE_STRIP = NO;
				DEBUG_INFORMATION_FORMAT = "dwarf-with-dsym";
				ENABLE_NS_ASSERTIONS = NO;
				ENABLE_STRICT_OBJC_MSGSEND = YES;
				ENABLE_USER_SCRIPT_SANDBOXING = YES;
				GCC_C_LANGUAGE_STANDARD = gnu17;
				GCC_NO_COMMON_BLOCKS = YES;
				GCC_WARN_64_TO_32_BIT_CONVERSION = YES;
				GCC_WARN_ABOUT_RETURN_TYPE = YES_ERROR;
				GCC_WARN_UNDECLARED_SELECTOR = YES;
				GCC_WARN_UNINITIALIZED_AUTOS = YES_AGGRESSIVE;
				GCC_WARN_UNUSED_FUNCTION = YES;
				GCC_WARN_UNUSED_VARIABLE = YES;
				IPHONEOS_DEPLOYMENT_TARGET = 17.0;
				LOCALIZATION_PREFERS_STRING_CATALOGS = YES;
				MTL_ENABLE_DEBUG_INFO = NO;
				MTL_FAST_MATH = YES;
				SDKROOT = iphoneos;
				SWIFT_COMPILATION_MODE = wholemodule;
				VALIDATE_PRODUCT = YES;
			};
			name = Release;
		};
		EC0E002D2B4DB01D00F06B98 /* Debug */ = {
			isa = XCBuildConfiguration;
			buildSettings = {
				ASSETCATALOG_COMPILER_APPICON_NAME = AppIcon;
				ASSETCATALOG_COMPILER_GLOBAL_ACCENT_COLOR_NAME = AccentColor;
				CODE_SIGN_STYLE = Automatic;
				CURRENT_PROJECT_VERSION = 1;
				DEVELOPMENT_ASSET_PATHS = "\"SmartTrainer/Preview Content\"";
				DEVELOPMENT_TEAM = QR9J2FWA6N;
				ENABLE_PREVIEWS = YES;
				GENERATE_INFOPLIST_FILE = YES;
				INFOPLIST_FILE = SmartTrainer/Info.plist;
				INFOPLIST_KEY_NSCameraUsageDescription = "Record Video Attempt";
				INFOPLIST_KEY_NSMicrophoneUsageDescription = "Record Video Attempt";
				INFOPLIST_KEY_NSPhotoLibraryAddUsageDescription = "Save videos";
				INFOPLIST_KEY_UIApplicationSceneManifest_Generation = YES;
				INFOPLIST_KEY_UIApplicationSupportsIndirectInputEvents = YES;
				INFOPLIST_KEY_UISupportedInterfaceOrientations_iPad = "UIInterfaceOrientationPortrait UIInterfaceOrientationPortraitUpsideDown UIInterfaceOrientationLandscapeLeft UIInterfaceOrientationLandscapeRight";
				INFOPLIST_KEY_UISupportedInterfaceOrientations_iPhone = "UIInterfaceOrientationPortrait UIInterfaceOrientationLandscapeLeft UIInterfaceOrientationLandscapeRight";
				LD_RUNPATH_SEARCH_PATHS = (
					"$(inherited)",
					"@executable_path/Frameworks",
				);
				MARKETING_VERSION = 1.0;
				PRODUCT_BUNDLE_IDENTIFIER = com.jackomeara.SmartTrainer;
				PRODUCT_NAME = "$(TARGET_NAME)";
				SWIFT_EMIT_LOC_STRINGS = YES;
				SWIFT_VERSION = 5.0;
				TARGETED_DEVICE_FAMILY = "1,2";
			};
			name = Debug;
		};
		EC0E002E2B4DB01D00F06B98 /* Release */ = {
			isa = XCBuildConfiguration;
			buildSettings = {
				ASSETCATALOG_COMPILER_APPICON_NAME = AppIcon;
				ASSETCATALOG_COMPILER_GLOBAL_ACCENT_COLOR_NAME = AccentColor;
				CODE_SIGN_STYLE = Automatic;
				CURRENT_PROJECT_VERSION = 1;
				DEVELOPMENT_ASSET_PATHS = "\"SmartTrainer/Preview Content\"";
				DEVELOPMENT_TEAM = QR9J2FWA6N;
				ENABLE_PREVIEWS = YES;
				GENERATE_INFOPLIST_FILE = YES;
				INFOPLIST_FILE = SmartTrainer/Info.plist;
				INFOPLIST_KEY_NSCameraUsageDescription = "Record Video Attempt";
				INFOPLIST_KEY_NSMicrophoneUsageDescription = "Record Video Attempt";
				INFOPLIST_KEY_NSPhotoLibraryAddUsageDescription = "Save videos";
				INFOPLIST_KEY_UIApplicationSceneManifest_Generation = YES;
				INFOPLIST_KEY_UIApplicationSupportsIndirectInputEvents = YES;
				INFOPLIST_KEY_UISupportedInterfaceOrientations_iPad = "UIInterfaceOrientationPortrait UIInterfaceOrientationPortraitUpsideDown UIInterfaceOrientationLandscapeLeft UIInterfaceOrientationLandscapeRight";
				INFOPLIST_KEY_UISupportedInterfaceOrientations_iPhone = "UIInterfaceOrientationPortrait UIInterfaceOrientationLandscapeLeft UIInterfaceOrientationLandscapeRight";
				LD_RUNPATH_SEARCH_PATHS = (
					"$(inherited)",
					"@executable_path/Frameworks",
				);
				MARKETING_VERSION = 1.0;
				PRODUCT_BUNDLE_IDENTIFIER = com.jackomeara.SmartTrainer;
				PRODUCT_NAME = "$(TARGET_NAME)";
				SWIFT_EMIT_LOC_STRINGS = YES;
				SWIFT_VERSION = 5.0;
				TARGETED_DEVICE_FAMILY = "1,2";
			};
			name = Release;
		};
/* End XCBuildConfiguration section */

/* Begin XCConfigurationList section */
		EC0E00192B4DB00600F06B98 /* Build configuration list for PBXProject "SmartTrainer" */ = {
			isa = XCConfigurationList;
			buildConfigurations = (
				EC0E002A2B4DB01D00F06B98 /* Debug */,
				EC0E002B2B4DB01D00F06B98 /* Release */,
			);
			defaultConfigurationIsVisible = 0;
			defaultConfigurationName = Release;
		};
		EC0E002C2B4DB01D00F06B98 /* Build configuration list for PBXNativeTarget "SmartTrainer" */ = {
			isa = XCConfigurationList;
			buildConfigurations = (
				EC0E002D2B4DB01D00F06B98 /* Debug */,
				EC0E002E2B4DB01D00F06B98 /* Release */,
			);
			defaultConfigurationIsVisible = 0;
			defaultConfigurationName = Release;
		};
/* End XCConfigurationList section */
	};
	rootObject = EC0E00162B4DB00600F06B98 /* Project object */;
}
